// !$*UTF8*$!
{
	archiveVersion = 1;
	classes = {
	};
	objectVersion = 46;
	objects = {

/* Begin PBXBuildFile section */
		1D60589B0D05DD56006BFB54 /* main.m in Sources */ = {isa = PBXBuildFile; fileRef = 29B97316FDCFA39411CA2CEA /* main.m */; };
		1D60589F0D05DD5A006BFB54 /* Foundation.framework in Frameworks */ = {isa = PBXBuildFile; fileRef = 1D30AB110D05D00D00671497 /* Foundation.framework */; };
		1DF5F4E00D08C38300B7A737 /* UIKit.framework in Frameworks */ = {isa = PBXBuildFile; fileRef = 1DF5F4DF0D08C38300B7A737 /* UIKit.framework */; };
		288765A50DF7441C002DB57D /* CoreGraphics.framework in Frameworks */ = {isa = PBXBuildFile; fileRef = 288765A40DF7441C002DB57D /* CoreGraphics.framework */; };
		2A61FE6014EA39270065D0C0 /* AssetsLibrary.framework in Frameworks */ = {isa = PBXBuildFile; fileRef = 2A61FE5F14EA39270065D0C0 /* AssetsLibrary.framework */; };
		2A7E99A113D4DAC90032409D /* MessageUI.framework in Frameworks */ = {isa = PBXBuildFile; fileRef = 2A7E99A013D4DAC90032409D /* MessageUI.framework */; };
		6209FE4D16956F210037417E /* AlbumManagerViewCon.m in Sources */ = {isa = PBXBuildFile; fileRef = 6209FE4C16956F210037417E /* AlbumManagerViewCon.m */; };
		6209FE4E16956F210037417E /* AlbumManagerViewCon.m in Sources */ = {isa = PBXBuildFile; fileRef = 6209FE4C16956F210037417E /* AlbumManagerViewCon.m */; };
		6209FE5116956F410037417E /* AMAlbumManager.m in Sources */ = {isa = PBXBuildFile; fileRef = 6209FE5016956F410037417E /* AMAlbumManager.m */; };
		6209FE5216956F410037417E /* AMAlbumManager.m in Sources */ = {isa = PBXBuildFile; fileRef = 6209FE5016956F410037417E /* AMAlbumManager.m */; };
		62304DD61691517D00B905B7 /* AMAlertView.m in Sources */ = {isa = PBXBuildFile; fileRef = 62304DD51691517D00B905B7 /* AMAlertView.m */; };
		62304DD71691517D00B905B7 /* AMAlertView.m in Sources */ = {isa = PBXBuildFile; fileRef = 62304DD51691517D00B905B7 /* AMAlertView.m */; };
		625A5D12166B1F0B00F4CA32 /* SplashAppTest.m in Sources */ = {isa = PBXBuildFile; fileRef = 625A5D0E166B1F0B00F4CA32 /* SplashAppTest.m */; };
		625A5D13166B1F0B00F4CA32 /* SplashAppTest.m in Sources */ = {isa = PBXBuildFile; fileRef = 625A5D0E166B1F0B00F4CA32 /* SplashAppTest.m */; };
		625A5D15166B1F0B00F4CA32 /* SplashTest.m in Sources */ = {isa = PBXBuildFile; fileRef = 625A5D11166B1F0B00F4CA32 /* SplashTest.m */; };
		625A5D27166B22B500F4CA32 /* AMAppTests.m in Sources */ = {isa = PBXBuildFile; fileRef = 625A5D26166B22B500F4CA32 /* AMAppTests.m */; };
		625A5D28166B22B500F4CA32 /* AMAppTests.m in Sources */ = {isa = PBXBuildFile; fileRef = 625A5D26166B22B500F4CA32 /* AMAppTests.m */; };
		625AC6E9167FEE7E005D3832 /* libAirMicro-fat.a in Frameworks */ = {isa = PBXBuildFile; fileRef = 625AC6E7167FEE7E005D3832 /* libAirMicro-fat.a */; };
		625AC6EA167FEE7E005D3832 /* libAirMicro-fat.a in Frameworks */ = {isa = PBXBuildFile; fileRef = 625AC6E7167FEE7E005D3832 /* libAirMicro-fat.a */; };
		628042F11555F6C90087838D /* SenTestingKit.framework in Frameworks */ = {isa = PBXBuildFile; fileRef = 628042F01555F6C90087838D /* SenTestingKit.framework */; };
		628042F21555F6C90087838D /* UIKit.framework in Frameworks */ = {isa = PBXBuildFile; fileRef = 1DF5F4DF0D08C38300B7A737 /* UIKit.framework */; };
		628042F31555F6C90087838D /* Foundation.framework in Frameworks */ = {isa = PBXBuildFile; fileRef = 1D30AB110D05D00D00671497 /* Foundation.framework */; };
		628042F91555F6C90087838D /* InfoPlist.strings in Resources */ = {isa = PBXBuildFile; fileRef = 628042F71555F6C90087838D /* InfoPlist.strings */; };
		62AF9E6B169530B20066181E /* AMAppRater.m in Sources */ = {isa = PBXBuildFile; fileRef = 62AF9E6A169530B20066181E /* AMAppRater.m */; };
		62AF9E6C169530B20066181E /* AMAppRater.m in Sources */ = {isa = PBXBuildFile; fileRef = 62AF9E6A169530B20066181E /* AMAppRater.m */; };
		62E10BEE166BE21E00D45FEB /* QuartzCore.framework in Frameworks */ = {isa = PBXBuildFile; fileRef = 62E10BED166BE21E00D45FEB /* QuartzCore.framework */; };
		62E2D1CD16842C1B0015E347 /* AMFileManager.m in Sources */ = {isa = PBXBuildFile; fileRef = 62E2D1CC16842C1B0015E347 /* AMFileManager.m */; };
		62E2D1CE16842C1B0015E347 /* AMFileManager.m in Sources */ = {isa = PBXBuildFile; fileRef = 62E2D1CC16842C1B0015E347 /* AMFileManager.m */; };
		62E2D1D6168437F70015E347 /* AMAlbum.m in Sources */ = {isa = PBXBuildFile; fileRef = 62E2D1D5168437F70015E347 /* AMAlbum.m */; };
		62E2D1D7168437F70015E347 /* AMAlbum.m in Sources */ = {isa = PBXBuildFile; fileRef = 62E2D1D5168437F70015E347 /* AMAlbum.m */; };
		62E2D1DF16843A530015E347 /* AMUpdater.m in Sources */ = {isa = PBXBuildFile; fileRef = 62E2D1DE16843A530015E347 /* AMUpdater.m */; };
		62E2D1E016843A530015E347 /* AMUpdater.m in Sources */ = {isa = PBXBuildFile; fileRef = 62E2D1DE16843A530015E347 /* AMUpdater.m */; };
		62FCBC871683E0C9008CA14F /* CompareViewAppDelegate.m in Sources */ = {isa = PBXBuildFile; fileRef = 62FCBC011683E0C9008CA14F /* CompareViewAppDelegate.m */; };
		62FCBC881683E0C9008CA14F /* CompareViewAppDelegate.m in Sources */ = {isa = PBXBuildFile; fileRef = 62FCBC011683E0C9008CA14F /* CompareViewAppDelegate.m */; };
		62FCBC891683E0C9008CA14F /* AMLayerAdditions.m in Sources */ = {isa = PBXBuildFile; fileRef = 62FCBC061683E0C9008CA14F /* AMLayerAdditions.m */; };
		62FCBC8A1683E0C9008CA14F /* AMLayerAdditions.m in Sources */ = {isa = PBXBuildFile; fileRef = 62FCBC061683E0C9008CA14F /* AMLayerAdditions.m */; };
		62FCBC8B1683E0C9008CA14F /* AMArrayAdditions.m in Sources */ = {isa = PBXBuildFile; fileRef = 62FCBC091683E0C9008CA14F /* AMArrayAdditions.m */; };
		62FCBC8C1683E0C9008CA14F /* AMArrayAdditions.m in Sources */ = {isa = PBXBuildFile; fileRef = 62FCBC091683E0C9008CA14F /* AMArrayAdditions.m */; };
		62FCBC8D1683E0C9008CA14F /* AMDictionaryAdditions.m in Sources */ = {isa = PBXBuildFile; fileRef = 62FCBC0C1683E0C9008CA14F /* AMDictionaryAdditions.m */; };
		62FCBC8E1683E0C9008CA14F /* AMDictionaryAdditions.m in Sources */ = {isa = PBXBuildFile; fileRef = 62FCBC0C1683E0C9008CA14F /* AMDictionaryAdditions.m */; };
		62FCBC8F1683E0C9008CA14F /* AMYAMLParser.m in Sources */ = {isa = PBXBuildFile; fileRef = 62FCBC0F1683E0C9008CA14F /* AMYAMLParser.m */; };
		62FCBC901683E0C9008CA14F /* AMYAMLParser.m in Sources */ = {isa = PBXBuildFile; fileRef = 62FCBC0F1683E0C9008CA14F /* AMYAMLParser.m */; };
		62FCBC911683E0C9008CA14F /* NSObject+ClassName.m in Sources */ = {isa = PBXBuildFile; fileRef = 62FCBC121683E0C9008CA14F /* NSObject+ClassName.m */; };
		62FCBC921683E0C9008CA14F /* NSObject+ClassName.m in Sources */ = {isa = PBXBuildFile; fileRef = 62FCBC121683E0C9008CA14F /* NSObject+ClassName.m */; };
		62FCBC931683E0C9008CA14F /* AMStringContains.m in Sources */ = {isa = PBXBuildFile; fileRef = 62FCBC151683E0C9008CA14F /* AMStringContains.m */; };
		62FCBC941683E0C9008CA14F /* AMStringContains.m in Sources */ = {isa = PBXBuildFile; fileRef = 62FCBC151683E0C9008CA14F /* AMStringContains.m */; };
		62FCBC951683E0C9008CA14F /* NSString+MD5Addition.m in Sources */ = {isa = PBXBuildFile; fileRef = 62FCBC171683E0C9008CA14F /* NSString+MD5Addition.m */; settings = {COMPILER_FLAGS = ""; }; };
		62FCBC961683E0C9008CA14F /* NSString+MD5Addition.m in Sources */ = {isa = PBXBuildFile; fileRef = 62FCBC171683E0C9008CA14F /* NSString+MD5Addition.m */; };
		62FCBC971683E0C9008CA14F /* AMURLAdditions.m in Sources */ = {isa = PBXBuildFile; fileRef = 62FCBC1A1683E0C9008CA14F /* AMURLAdditions.m */; };
		62FCBC981683E0C9008CA14F /* AMURLAdditions.m in Sources */ = {isa = PBXBuildFile; fileRef = 62FCBC1A1683E0C9008CA14F /* AMURLAdditions.m */; };
		62FCBC991683E0C9008CA14F /* AMWindowAdditions.m in Sources */ = {isa = PBXBuildFile; fileRef = 62FCBC1D1683E0C9008CA14F /* AMWindowAdditions.m */; };
		62FCBC9A1683E0C9008CA14F /* AMWindowAdditions.m in Sources */ = {isa = PBXBuildFile; fileRef = 62FCBC1D1683E0C9008CA14F /* AMWindowAdditions.m */; };
		62FCBC9B1683E0C9008CA14F /* ControlPoint.m in Sources */ = {isa = PBXBuildFile; fileRef = 62FCBC221683E0C9008CA14F /* ControlPoint.m */; };
		62FCBC9C1683E0C9008CA14F /* ControlPoint.m in Sources */ = {isa = PBXBuildFile; fileRef = 62FCBC221683E0C9008CA14F /* ControlPoint.m */; };
		62FCBC9D1683E0C9008CA14F /* CompareView.m in Sources */ = {isa = PBXBuildFile; fileRef = 62FCBC261683E0C9008CA14F /* CompareView.m */; };
		62FCBC9E1683E0C9008CA14F /* CompareView.m in Sources */ = {isa = PBXBuildFile; fileRef = 62FCBC261683E0C9008CA14F /* CompareView.m */; };
		62FCBC9F1683E0C9008CA14F /* Folder.xib in Resources */ = {isa = PBXBuildFile; fileRef = 62FCBC271683E0C9008CA14F /* Folder.xib */; };
		62FCBCA01683E0C9008CA14F /* Folder.xib in Resources */ = {isa = PBXBuildFile; fileRef = 62FCBC271683E0C9008CA14F /* Folder.xib */; };
		62FCBCA11683E0C9008CA14F /* Image.xib in Resources */ = {isa = PBXBuildFile; fileRef = 62FCBC291683E0C9008CA14F /* Image.xib */; };
		62FCBCA21683E0C9008CA14F /* Image.xib in Resources */ = {isa = PBXBuildFile; fileRef = 62FCBC291683E0C9008CA14F /* Image.xib */; };
		62FCBCA31683E0C9008CA14F /* ImageViewer.m in Sources */ = {isa = PBXBuildFile; fileRef = 62FCBC2B1683E0C9008CA14F /* ImageViewer.m */; };
		62FCBCA41683E0C9008CA14F /* ImageViewer.m in Sources */ = {isa = PBXBuildFile; fileRef = 62FCBC2B1683E0C9008CA14F /* ImageViewer.m */; };
		62FCBCA51683E0C9008CA14F /* ImageViewer.xib in Resources */ = {isa = PBXBuildFile; fileRef = 62FCBC2C1683E0C9008CA14F /* ImageViewer.xib */; };
		62FCBCA61683E0C9008CA14F /* ImageViewer.xib in Resources */ = {isa = PBXBuildFile; fileRef = 62FCBC2C1683E0C9008CA14F /* ImageViewer.xib */; };
		62FCBCA71683E0C9008CA14F /* ImageViewer_ipad.xib in Resources */ = {isa = PBXBuildFile; fileRef = 62FCBC2D1683E0C9008CA14F /* ImageViewer_ipad.xib */; };
		62FCBCA81683E0C9008CA14F /* ImageViewer_ipad.xib in Resources */ = {isa = PBXBuildFile; fileRef = 62FCBC2D1683E0C9008CA14F /* ImageViewer_ipad.xib */; };
		62FCBCA91683E0C9008CA14F /* AMLauncher.m in Sources */ = {isa = PBXBuildFile; fileRef = 62FCBC301683E0C9008CA14F /* AMLauncher.m */; };
		62FCBCAA1683E0C9008CA14F /* AMLauncher.m in Sources */ = {isa = PBXBuildFile; fileRef = 62FCBC301683E0C9008CA14F /* AMLauncher.m */; };
		62FCBCAB1683E0C9008CA14F /* Layout.m in Sources */ = {isa = PBXBuildFile; fileRef = 62FCBC331683E0C9008CA14F /* Layout.m */; };
		62FCBCAC1683E0C9008CA14F /* Layout.m in Sources */ = {isa = PBXBuildFile; fileRef = 62FCBC331683E0C9008CA14F /* Layout.m */; };
		62FCBCAD1683E0C9008CA14F /* AMLogger.m in Sources */ = {isa = PBXBuildFile; fileRef = 62FCBC3A1683E0C9008CA14F /* AMLogger.m */; };
		62FCBCAE1683E0C9008CA14F /* AMLogger.m in Sources */ = {isa = PBXBuildFile; fileRef = 62FCBC3A1683E0C9008CA14F /* AMLogger.m */; };
		62FCBCAF1683E0C9008CA14F /* MainWindow.xib in Resources */ = {isa = PBXBuildFile; fileRef = 62FCBC3B1683E0C9008CA14F /* MainWindow.xib */; };
		62FCBCB01683E0C9008CA14F /* MainWindow.xib in Resources */ = {isa = PBXBuildFile; fileRef = 62FCBC3B1683E0C9008CA14F /* MainWindow.xib */; };
		62FCBCB31683E0C9008CA14F /* AMSettingsManager.m in Sources */ = {isa = PBXBuildFile; fileRef = 62FCBC421683E0C9008CA14F /* AMSettingsManager.m */; };
		62FCBCB41683E0C9008CA14F /* AMSettingsManager.m in Sources */ = {isa = PBXBuildFile; fileRef = 62FCBC421683E0C9008CA14F /* AMSettingsManager.m */; };
		62FCBCB51683E0C9008CA14F /* AMSettings.m in Sources */ = {isa = PBXBuildFile; fileRef = 62FCBC451683E0C9008CA14F /* AMSettings.m */; };
		62FCBCB61683E0C9008CA14F /* AMSettings.m in Sources */ = {isa = PBXBuildFile; fileRef = 62FCBC451683E0C9008CA14F /* AMSettings.m */; };
		62FCBCB71683E0C9008CA14F /* AMViewManager.m in Sources */ = {isa = PBXBuildFile; fileRef = 62FCBC481683E0C9008CA14F /* AMViewManager.m */; };
		62FCBCB81683E0C9008CA14F /* AMViewManager.m in Sources */ = {isa = PBXBuildFile; fileRef = 62FCBC481683E0C9008CA14F /* AMViewManager.m */; };
		62FCBCBD1683E0C9008CA14F /* PressAndHoldImages.m in Sources */ = {isa = PBXBuildFile; fileRef = 62FCBC511683E0C9008CA14F /* PressAndHoldImages.m */; };
		62FCBCBE1683E0C9008CA14F /* PressAndHoldImages.m in Sources */ = {isa = PBXBuildFile; fileRef = 62FCBC511683E0C9008CA14F /* PressAndHoldImages.m */; };
		62FCBCBF1683E0C9008CA14F /* PressAndHoldView.m in Sources */ = {isa = PBXBuildFile; fileRef = 62FCBC531683E0C9008CA14F /* PressAndHoldView.m */; };
		62FCBCC01683E0C9008CA14F /* PressAndHoldView.m in Sources */ = {isa = PBXBuildFile; fileRef = 62FCBC531683E0C9008CA14F /* PressAndHoldView.m */; };
		62FCBCC11683E0C9008CA14F /* SideBySide.xib in Resources */ = {isa = PBXBuildFile; fileRef = 62FCBC551683E0C9008CA14F /* SideBySide.xib */; };
		62FCBCC21683E0C9008CA14F /* SideBySide.xib in Resources */ = {isa = PBXBuildFile; fileRef = 62FCBC551683E0C9008CA14F /* SideBySide.xib */; };
		62FCBCC31683E0C9008CA14F /* SideBySide_iPad.xib in Resources */ = {isa = PBXBuildFile; fileRef = 62FCBC561683E0C9008CA14F /* SideBySide_iPad.xib */; };
		62FCBCC41683E0C9008CA14F /* SideBySide_iPad.xib in Resources */ = {isa = PBXBuildFile; fileRef = 62FCBC561683E0C9008CA14F /* SideBySide_iPad.xib */; };
		62FCBCC51683E0C9008CA14F /* SideBySideCon.m in Sources */ = {isa = PBXBuildFile; fileRef = 62FCBC581683E0C9008CA14F /* SideBySideCon.m */; };
		62FCBCC61683E0C9008CA14F /* SideBySideCon.m in Sources */ = {isa = PBXBuildFile; fileRef = 62FCBC581683E0C9008CA14F /* SideBySideCon.m */; };
		62FCBCC71683E0C9008CA14F /* VerticalSegmentedControl.m in Sources */ = {isa = PBXBuildFile; fileRef = 62FCBC5C1683E0C9008CA14F /* VerticalSegmentedControl.m */; };
		62FCBCC81683E0C9008CA14F /* VerticalSegmentedControl.m in Sources */ = {isa = PBXBuildFile; fileRef = 62FCBC5C1683E0C9008CA14F /* VerticalSegmentedControl.m */; };
		62FCBCC91683E0C9008CA14F /* AMSampleViewController.m in Sources */ = {isa = PBXBuildFile; fileRef = 62FCBC601683E0C9008CA14F /* AMSampleViewController.m */; };
		62FCBCCA1683E0C9008CA14F /* AMSampleViewController.m in Sources */ = {isa = PBXBuildFile; fileRef = 62FCBC601683E0C9008CA14F /* AMSampleViewController.m */; };
		62FCBCCB1683E0C9008CA14F /* GalleryView.xib in Resources */ = {isa = PBXBuildFile; fileRef = 62FCBC621683E0C9008CA14F /* GalleryView.xib */; };
		62FCBCCC1683E0C9008CA14F /* GalleryView.xib in Resources */ = {isa = PBXBuildFile; fileRef = 62FCBC621683E0C9008CA14F /* GalleryView.xib */; };
		62FCBCCD1683E0C9008CA14F /* GalleryView_iPad.xib in Resources */ = {isa = PBXBuildFile; fileRef = 62FCBC631683E0C9008CA14F /* GalleryView_iPad.xib */; };
		62FCBCCE1683E0C9008CA14F /* GalleryView_iPad.xib in Resources */ = {isa = PBXBuildFile; fileRef = 62FCBC631683E0C9008CA14F /* GalleryView_iPad.xib */; };
		62FCBCCF1683E0C9008CA14F /* GalleryViewCon.m in Sources */ = {isa = PBXBuildFile; fileRef = 62FCBC651683E0C9008CA14F /* GalleryViewCon.m */; };
		62FCBCD01683E0C9008CA14F /* GalleryViewCon.m in Sources */ = {isa = PBXBuildFile; fileRef = 62FCBC651683E0C9008CA14F /* GalleryViewCon.m */; };
		62FCBCD11683E0C9008CA14F /* InfoPage.xib in Resources */ = {isa = PBXBuildFile; fileRef = 62FCBC671683E0C9008CA14F /* InfoPage.xib */; };
		62FCBCD21683E0C9008CA14F /* InfoPage.xib in Resources */ = {isa = PBXBuildFile; fileRef = 62FCBC671683E0C9008CA14F /* InfoPage.xib */; };
		62FCBCD31683E0C9008CA14F /* InfoPage_ipad.xib in Resources */ = {isa = PBXBuildFile; fileRef = 62FCBC681683E0C9008CA14F /* InfoPage_ipad.xib */; };
		62FCBCD41683E0C9008CA14F /* InfoPage_ipad.xib in Resources */ = {isa = PBXBuildFile; fileRef = 62FCBC681683E0C9008CA14F /* InfoPage_ipad.xib */; };
		62FCBCD51683E0C9008CA14F /* InfoPageViewCon.m in Sources */ = {isa = PBXBuildFile; fileRef = 62FCBC6A1683E0C9008CA14F /* InfoPageViewCon.m */; };
		62FCBCD61683E0C9008CA14F /* InfoPageViewCon.m in Sources */ = {isa = PBXBuildFile; fileRef = 62FCBC6A1683E0C9008CA14F /* InfoPageViewCon.m */; };
		62FCBCD71683E0C9008CA14F /* MainMenu.xib in Resources */ = {isa = PBXBuildFile; fileRef = 62FCBC6C1683E0C9008CA14F /* MainMenu.xib */; };
		62FCBCD81683E0C9008CA14F /* MainMenu.xib in Resources */ = {isa = PBXBuildFile; fileRef = 62FCBC6C1683E0C9008CA14F /* MainMenu.xib */; };
		62FCBCD91683E0C9008CA14F /* MainMenuViewCon.m in Sources */ = {isa = PBXBuildFile; fileRef = 62FCBC6E1683E0C9008CA14F /* MainMenuViewCon.m */; };
		62FCBCDA1683E0C9008CA14F /* MainMenuViewCon.m in Sources */ = {isa = PBXBuildFile; fileRef = 62FCBC6E1683E0C9008CA14F /* MainMenuViewCon.m */; };
		62FCBCDB1683E0C9008CA14F /* MyViewCon.m in Sources */ = {isa = PBXBuildFile; fileRef = 62FCBC711683E0C9008CA14F /* MyViewCon.m */; };
		62FCBCDC1683E0C9008CA14F /* MyViewCon.m in Sources */ = {isa = PBXBuildFile; fileRef = 62FCBC711683E0C9008CA14F /* MyViewCon.m */; };
		62FCBCDD1683E0C9008CA14F /* SaveImage_ipad.xib in Resources */ = {isa = PBXBuildFile; fileRef = 62FCBC731683E0C9008CA14F /* SaveImage_ipad.xib */; };
		62FCBCDE1683E0C9008CA14F /* SaveImage_ipad.xib in Resources */ = {isa = PBXBuildFile; fileRef = 62FCBC731683E0C9008CA14F /* SaveImage_ipad.xib */; };
		62FCBCDF1683E0C9008CA14F /* SaveImageCon.m in Sources */ = {isa = PBXBuildFile; fileRef = 62FCBC751683E0C9008CA14F /* SaveImageCon.m */; };
		62FCBCE01683E0C9008CA14F /* SaveImageCon.m in Sources */ = {isa = PBXBuildFile; fileRef = 62FCBC751683E0C9008CA14F /* SaveImageCon.m */; };
		62FCBCE11683E0C9008CA14F /* AMSplashScreen.m in Sources */ = {isa = PBXBuildFile; fileRef = 62FCBC791683E0C9008CA14F /* AMSplashScreen.m */; };
		62FCBCE21683E0C9008CA14F /* AMSplashScreen.m in Sources */ = {isa = PBXBuildFile; fileRef = 62FCBC791683E0C9008CA14F /* AMSplashScreen.m */; };
		62FCBCE31683E0C9008CA14F /* ScopeView.xib in Resources */ = {isa = PBXBuildFile; fileRef = 62FCBC7B1683E0C9008CA14F /* ScopeView.xib */; };
		62FCBCE41683E0C9008CA14F /* ScopeView.xib in Resources */ = {isa = PBXBuildFile; fileRef = 62FCBC7B1683E0C9008CA14F /* ScopeView.xib */; };
		62FCBCE51683E0C9008CA14F /* ScopeViewCon.m in Sources */ = {isa = PBXBuildFile; fileRef = 62FCBC7D1683E0C9008CA14F /* ScopeViewCon.m */; };
		62FCBCE61683E0C9008CA14F /* ScopeViewCon.m in Sources */ = {isa = PBXBuildFile; fileRef = 62FCBC7D1683E0C9008CA14F /* ScopeViewCon.m */; };
		62FCBCE71683E0C9008CA14F /* SplashView.xib in Resources */ = {isa = PBXBuildFile; fileRef = 62FCBC7F1683E0C9008CA14F /* SplashView.xib */; };
		62FCBCE81683E0C9008CA14F /* SplashView.xib in Resources */ = {isa = PBXBuildFile; fileRef = 62FCBC7F1683E0C9008CA14F /* SplashView.xib */; };
		62FCBCE91683E0C9008CA14F /* SplashViewCon.m in Sources */ = {isa = PBXBuildFile; fileRef = 62FCBC811683E0C9008CA14F /* SplashViewCon.m */; };
		62FCBCEA1683E0C9008CA14F /* SplashViewCon.m in Sources */ = {isa = PBXBuildFile; fileRef = 62FCBC811683E0C9008CA14F /* SplashViewCon.m */; };
		62FCBCEB1683E0C9008CA14F /* TogglingScrollview.m in Sources */ = {isa = PBXBuildFile; fileRef = 62FCBC841683E0C9008CA14F /* TogglingScrollview.m */; };
		62FCBCEC1683E0C9008CA14F /* TogglingScrollview.m in Sources */ = {isa = PBXBuildFile; fileRef = 62FCBC841683E0C9008CA14F /* TogglingScrollview.m */; };
		62FCBCF41683E1FA008CA14F /* FiR3FiParseMaster.m in Sources */ = {isa = PBXBuildFile; fileRef = 62FCBCF01683E1FA008CA14F /* FiR3FiParseMaster.m */; };
		62FCBCF51683E1FA008CA14F /* FiR3FiParseMaster.m in Sources */ = {isa = PBXBuildFile; fileRef = 62FCBCF01683E1FA008CA14F /* FiR3FiParseMaster.m */; };
		62FCBCF61683E1FA008CA14F /* FiR3FiOBJCReturnTypes.m in Sources */ = {isa = PBXBuildFile; fileRef = 62FCBCF31683E1FA008CA14F /* FiR3FiOBJCReturnTypes.m */; };
		62FCBCF71683E1FA008CA14F /* FiR3FiOBJCReturnTypes.m in Sources */ = {isa = PBXBuildFile; fileRef = 62FCBCF31683E1FA008CA14F /* FiR3FiOBJCReturnTypes.m */; };
		FAA3491C11DDAECF00F995F7 /* AudioToolbox.framework in Frameworks */ = {isa = PBXBuildFile; fileRef = FAA3491B11DDAECF00F995F7 /* AudioToolbox.framework */; };
/* End PBXBuildFile section */

/* Begin PBXContainerItemProxy section */
		625A5CF6166B07E900F4CA32 /* PBXContainerItemProxy */ = {
			isa = PBXContainerItemProxy;
			containerPortal = 29B97313FDCFA39411CA2CEA /* Project object */;
			proxyType = 1;
			remoteGlobalIDString = 1D6058900D05DD3D006BFB54;
			remoteInfo = AMSample;
		};
/* End PBXContainerItemProxy section */

/* Begin PBXFileReference section */
		1D30AB110D05D00D00671497 /* Foundation.framework */ = {isa = PBXFileReference; lastKnownFileType = wrapper.framework; name = Foundation.framework; path = System/Library/Frameworks/Foundation.framework; sourceTree = SDKROOT; };
		1D6058910D05DD3D006BFB54 /* AMSample.app */ = {isa = PBXFileReference; explicitFileType = wrapper.application; includeInIndex = 0; path = AMSample.app; sourceTree = BUILT_PRODUCTS_DIR; };
		1DF5F4DF0D08C38300B7A737 /* UIKit.framework */ = {isa = PBXFileReference; lastKnownFileType = wrapper.framework; name = UIKit.framework; path = System/Library/Frameworks/UIKit.framework; sourceTree = SDKROOT; };
		288765A40DF7441C002DB57D /* CoreGraphics.framework */ = {isa = PBXFileReference; lastKnownFileType = wrapper.framework; name = CoreGraphics.framework; path = System/Library/Frameworks/CoreGraphics.framework; sourceTree = SDKROOT; };
		29B97316FDCFA39411CA2CEA /* main.m */ = {isa = PBXFileReference; fileEncoding = 4; lastKnownFileType = sourcecode.c.objc; path = main.m; sourceTree = "<group>"; };
		2A61FE5F14EA39270065D0C0 /* AssetsLibrary.framework */ = {isa = PBXFileReference; lastKnownFileType = wrapper.framework; name = AssetsLibrary.framework; path = System/Library/Frameworks/AssetsLibrary.framework; sourceTree = SDKROOT; };
		2A7E99A013D4DAC90032409D /* MessageUI.framework */ = {isa = PBXFileReference; lastKnownFileType = wrapper.framework; name = MessageUI.framework; path = System/Library/Frameworks/MessageUI.framework; sourceTree = SDKROOT; };
		32CA4F630368D1EE00C91783 /* AMSample_Prefix.pch */ = {isa = PBXFileReference; fileEncoding = 4; lastKnownFileType = sourcecode.c.h; path = AMSample_Prefix.pch; sourceTree = "<group>"; };
		6209FE4B16956F210037417E /* AlbumManagerViewCon.h */ = {isa = PBXFileReference; fileEncoding = 4; lastKnownFileType = sourcecode.c.h; path = AlbumManagerViewCon.h; sourceTree = "<group>"; };
		6209FE4C16956F210037417E /* AlbumManagerViewCon.m */ = {isa = PBXFileReference; fileEncoding = 4; lastKnownFileType = sourcecode.c.objc; path = AlbumManagerViewCon.m; sourceTree = "<group>"; };
		6209FE4F16956F410037417E /* AMAlbumManager.h */ = {isa = PBXFileReference; fileEncoding = 4; lastKnownFileType = sourcecode.c.h; path = AMAlbumManager.h; sourceTree = "<group>"; };
		6209FE5016956F410037417E /* AMAlbumManager.m */ = {isa = PBXFileReference; fileEncoding = 4; lastKnownFileType = sourcecode.c.objc; path = AMAlbumManager.m; sourceTree = "<group>"; };
		62304DD41691517D00B905B7 /* AMAlertView.h */ = {isa = PBXFileReference; fileEncoding = 4; lastKnownFileType = sourcecode.c.h; path = AMAlertView.h; sourceTree = "<group>"; };
		62304DD51691517D00B905B7 /* AMAlertView.m */ = {isa = PBXFileReference; fileEncoding = 4; lastKnownFileType = sourcecode.c.objc; path = AMAlertView.m; sourceTree = "<group>"; };
		625A5D0D166B1F0B00F4CA32 /* SplashAppTest.h */ = {isa = PBXFileReference; fileEncoding = 4; lastKnownFileType = sourcecode.c.h; path = SplashAppTest.h; sourceTree = "<group>"; };
		625A5D0E166B1F0B00F4CA32 /* SplashAppTest.m */ = {isa = PBXFileReference; fileEncoding = 4; lastKnownFileType = sourcecode.c.objc; path = SplashAppTest.m; sourceTree = "<group>"; };
		625A5D10166B1F0B00F4CA32 /* SplashTest.h */ = {isa = PBXFileReference; fileEncoding = 4; lastKnownFileType = sourcecode.c.h; path = SplashTest.h; sourceTree = "<group>"; };
		625A5D11166B1F0B00F4CA32 /* SplashTest.m */ = {isa = PBXFileReference; fileEncoding = 4; lastKnownFileType = sourcecode.c.objc; path = SplashTest.m; sourceTree = "<group>"; };
		625A5D25166B22B500F4CA32 /* AMAppTests.h */ = {isa = PBXFileReference; fileEncoding = 4; lastKnownFileType = sourcecode.c.h; path = AMAppTests.h; sourceTree = "<group>"; };
		625A5D26166B22B500F4CA32 /* AMAppTests.m */ = {isa = PBXFileReference; fileEncoding = 4; lastKnownFileType = sourcecode.c.objc; path = AMAppTests.m; sourceTree = "<group>"; };
		625AC6E7167FEE7E005D3832 /* libAirMicro-fat.a */ = {isa = PBXFileReference; lastKnownFileType = archive.ar; path = "libAirMicro-fat.a"; sourceTree = "<group>"; };
		625AC6E8167FEE7E005D3832 /* libAirMicro.h */ = {isa = PBXFileReference; fileEncoding = 4; lastKnownFileType = sourcecode.c.h; path = libAirMicro.h; sourceTree = "<group>"; };
		628042EF1555F6C90087838D /* MyTestSet.octest */ = {isa = PBXFileReference; explicitFileType = wrapper.cfbundle; includeInIndex = 0; path = MyTestSet.octest; sourceTree = BUILT_PRODUCTS_DIR; };
		628042F01555F6C90087838D /* SenTestingKit.framework */ = {isa = PBXFileReference; lastKnownFileType = wrapper.framework; name = SenTestingKit.framework; path = Library/Frameworks/SenTestingKit.framework; sourceTree = DEVELOPER_DIR; };
		628042F61555F6C90087838D /* MyTestSet-Info.plist */ = {isa = PBXFileReference; lastKnownFileType = text.plist.xml; path = "MyTestSet-Info.plist"; sourceTree = "<group>"; };
		628042F81555F6C90087838D /* en */ = {isa = PBXFileReference; lastKnownFileType = text.plist.strings; name = en; path = en.lproj/InfoPlist.strings; sourceTree = "<group>"; };
		628042FD1555F6C90087838D /* MyTestSet-Prefix.pch */ = {isa = PBXFileReference; lastKnownFileType = sourcecode.c.h; path = "MyTestSet-Prefix.pch"; sourceTree = "<group>"; };
		62AF9E69169530B20066181E /* AMAppRater.h */ = {isa = PBXFileReference; fileEncoding = 4; lastKnownFileType = sourcecode.c.h; path = AMAppRater.h; sourceTree = "<group>"; };
		62AF9E6A169530B20066181E /* AMAppRater.m */ = {isa = PBXFileReference; fileEncoding = 4; lastKnownFileType = sourcecode.c.objc; path = AMAppRater.m; sourceTree = "<group>"; };
		62E10BED166BE21E00D45FEB /* QuartzCore.framework */ = {isa = PBXFileReference; lastKnownFileType = wrapper.framework; name = QuartzCore.framework; path = System/Library/Frameworks/QuartzCore.framework; sourceTree = SDKROOT; };
		62E2D1CB16842C1B0015E347 /* AMFileManager.h */ = {isa = PBXFileReference; fileEncoding = 4; lastKnownFileType = sourcecode.c.h; path = AMFileManager.h; sourceTree = "<group>"; };
		62E2D1CC16842C1B0015E347 /* AMFileManager.m */ = {isa = PBXFileReference; fileEncoding = 4; lastKnownFileType = sourcecode.c.objc; path = AMFileManager.m; sourceTree = "<group>"; };
		62E2D1D4168437F70015E347 /* AMAlbum.h */ = {isa = PBXFileReference; fileEncoding = 4; lastKnownFileType = sourcecode.c.h; path = AMAlbum.h; sourceTree = "<group>"; };
		62E2D1D5168437F70015E347 /* AMAlbum.m */ = {isa = PBXFileReference; fileEncoding = 4; lastKnownFileType = sourcecode.c.objc; path = AMAlbum.m; sourceTree = "<group>"; };
		62E2D1DD16843A530015E347 /* AMUpdater.h */ = {isa = PBXFileReference; fileEncoding = 4; lastKnownFileType = sourcecode.c.h; path = AMUpdater.h; sourceTree = "<group>"; };
		62E2D1DE16843A530015E347 /* AMUpdater.m */ = {isa = PBXFileReference; fileEncoding = 4; lastKnownFileType = sourcecode.c.objc; path = AMUpdater.m; sourceTree = "<group>"; };
		62FCBC001683E0C9008CA14F /* CompareViewAppDelegate.h */ = {isa = PBXFileReference; fileEncoding = 4; lastKnownFileType = sourcecode.c.h; path = CompareViewAppDelegate.h; sourceTree = "<group>"; };
		62FCBC011683E0C9008CA14F /* CompareViewAppDelegate.m */ = {isa = PBXFileReference; fileEncoding = 4; lastKnownFileType = sourcecode.c.objc; path = CompareViewAppDelegate.m; sourceTree = "<group>"; };
		62FCBC031683E0C9008CA14F /* AMCategories.h */ = {isa = PBXFileReference; fileEncoding = 4; lastKnownFileType = sourcecode.c.h; path = AMCategories.h; sourceTree = "<group>"; };
		62FCBC051683E0C9008CA14F /* AMLayerAdditions.h */ = {isa = PBXFileReference; fileEncoding = 4; lastKnownFileType = sourcecode.c.h; path = AMLayerAdditions.h; sourceTree = "<group>"; };
		62FCBC061683E0C9008CA14F /* AMLayerAdditions.m */ = {isa = PBXFileReference; fileEncoding = 4; lastKnownFileType = sourcecode.c.objc; path = AMLayerAdditions.m; sourceTree = "<group>"; };
		62FCBC081683E0C9008CA14F /* AMArrayAdditions.h */ = {isa = PBXFileReference; fileEncoding = 4; lastKnownFileType = sourcecode.c.h; path = AMArrayAdditions.h; sourceTree = "<group>"; };
		62FCBC091683E0C9008CA14F /* AMArrayAdditions.m */ = {isa = PBXFileReference; fileEncoding = 4; lastKnownFileType = sourcecode.c.objc; path = AMArrayAdditions.m; sourceTree = "<group>"; };
		62FCBC0B1683E0C9008CA14F /* AMDictionaryAdditions.h */ = {isa = PBXFileReference; fileEncoding = 4; lastKnownFileType = sourcecode.c.h; path = AMDictionaryAdditions.h; sourceTree = "<group>"; };
		62FCBC0C1683E0C9008CA14F /* AMDictionaryAdditions.m */ = {isa = PBXFileReference; fileEncoding = 4; lastKnownFileType = sourcecode.c.objc; path = AMDictionaryAdditions.m; sourceTree = "<group>"; };
		62FCBC0E1683E0C9008CA14F /* AMYAMLParser.h */ = {isa = PBXFileReference; fileEncoding = 4; lastKnownFileType = sourcecode.c.h; path = AMYAMLParser.h; sourceTree = "<group>"; };
		62FCBC0F1683E0C9008CA14F /* AMYAMLParser.m */ = {isa = PBXFileReference; fileEncoding = 4; lastKnownFileType = sourcecode.c.objc; path = AMYAMLParser.m; sourceTree = "<group>"; };
		62FCBC111683E0C9008CA14F /* NSObject+ClassName.h */ = {isa = PBXFileReference; fileEncoding = 4; lastKnownFileType = sourcecode.c.h; path = "NSObject+ClassName.h"; sourceTree = "<group>"; };
		62FCBC121683E0C9008CA14F /* NSObject+ClassName.m */ = {isa = PBXFileReference; fileEncoding = 4; lastKnownFileType = sourcecode.c.objc; path = "NSObject+ClassName.m"; sourceTree = "<group>"; };
		62FCBC141683E0C9008CA14F /* AMStringContains.h */ = {isa = PBXFileReference; fileEncoding = 4; lastKnownFileType = sourcecode.c.h; path = AMStringContains.h; sourceTree = "<group>"; };
		62FCBC151683E0C9008CA14F /* AMStringContains.m */ = {isa = PBXFileReference; fileEncoding = 4; lastKnownFileType = sourcecode.c.objc; path = AMStringContains.m; sourceTree = "<group>"; };
		62FCBC161683E0C9008CA14F /* NSString+MD5Addition.h */ = {isa = PBXFileReference; fileEncoding = 4; lastKnownFileType = sourcecode.c.h; path = "NSString+MD5Addition.h"; sourceTree = "<group>"; };
		62FCBC171683E0C9008CA14F /* NSString+MD5Addition.m */ = {isa = PBXFileReference; fileEncoding = 4; lastKnownFileType = sourcecode.c.objc; path = "NSString+MD5Addition.m"; sourceTree = "<group>"; };
		62FCBC191683E0C9008CA14F /* AMURLAdditions.h */ = {isa = PBXFileReference; fileEncoding = 4; lastKnownFileType = sourcecode.c.h; path = AMURLAdditions.h; sourceTree = "<group>"; };
		62FCBC1A1683E0C9008CA14F /* AMURLAdditions.m */ = {isa = PBXFileReference; fileEncoding = 4; lastKnownFileType = sourcecode.c.objc; path = AMURLAdditions.m; sourceTree = "<group>"; };
		62FCBC1C1683E0C9008CA14F /* AMWindowAdditions.h */ = {isa = PBXFileReference; fileEncoding = 4; lastKnownFileType = sourcecode.c.h; path = AMWindowAdditions.h; sourceTree = "<group>"; };
		62FCBC1D1683E0C9008CA14F /* AMWindowAdditions.m */ = {isa = PBXFileReference; fileEncoding = 4; lastKnownFileType = sourcecode.c.objc; path = AMWindowAdditions.m; sourceTree = "<group>"; };
		62FCBC1F1683E0C9008CA14F /* AMConstants.h */ = {isa = PBXFileReference; fileEncoding = 4; lastKnownFileType = sourcecode.c.h; path = AMConstants.h; sourceTree = "<group>"; };
		62FCBC201683E0C9008CA14F /* EnumHeader.h */ = {isa = PBXFileReference; fileEncoding = 4; lastKnownFileType = sourcecode.c.h; path = EnumHeader.h; sourceTree = "<group>"; };
		62FCBC211683E0C9008CA14F /* ControlPoint.h */ = {isa = PBXFileReference; fileEncoding = 4; lastKnownFileType = sourcecode.c.h; path = ControlPoint.h; sourceTree = "<group>"; };
		62FCBC221683E0C9008CA14F /* ControlPoint.m */ = {isa = PBXFileReference; fileEncoding = 4; lastKnownFileType = sourcecode.c.objc; path = ControlPoint.m; sourceTree = "<group>"; };
		62FCBC251683E0C9008CA14F /* CompareView.h */ = {isa = PBXFileReference; fileEncoding = 4; lastKnownFileType = sourcecode.c.h; path = CompareView.h; sourceTree = "<group>"; };
		62FCBC261683E0C9008CA14F /* CompareView.m */ = {isa = PBXFileReference; fileEncoding = 4; lastKnownFileType = sourcecode.c.objc; path = CompareView.m; sourceTree = "<group>"; };
		62FCBC271683E0C9008CA14F /* Folder.xib */ = {isa = PBXFileReference; fileEncoding = 4; lastKnownFileType = file.xib; path = Folder.xib; sourceTree = "<group>"; };
		62FCBC291683E0C9008CA14F /* Image.xib */ = {isa = PBXFileReference; fileEncoding = 4; lastKnownFileType = file.xib; path = Image.xib; sourceTree = "<group>"; };
		62FCBC2A1683E0C9008CA14F /* ImageViewer.h */ = {isa = PBXFileReference; fileEncoding = 4; lastKnownFileType = sourcecode.c.h; path = ImageViewer.h; sourceTree = "<group>"; };
		62FCBC2B1683E0C9008CA14F /* ImageViewer.m */ = {isa = PBXFileReference; fileEncoding = 4; lastKnownFileType = sourcecode.c.objc; path = ImageViewer.m; sourceTree = "<group>"; };
		62FCBC2C1683E0C9008CA14F /* ImageViewer.xib */ = {isa = PBXFileReference; fileEncoding = 4; lastKnownFileType = file.xib; path = ImageViewer.xib; sourceTree = "<group>"; };
		62FCBC2D1683E0C9008CA14F /* ImageViewer_ipad.xib */ = {isa = PBXFileReference; fileEncoding = 4; lastKnownFileType = file.xib; path = ImageViewer_ipad.xib; sourceTree = "<group>"; };
		62FCBC2F1683E0C9008CA14F /* AMLauncher.h */ = {isa = PBXFileReference; fileEncoding = 4; lastKnownFileType = sourcecode.c.h; path = AMLauncher.h; sourceTree = "<group>"; };
		62FCBC301683E0C9008CA14F /* AMLauncher.m */ = {isa = PBXFileReference; fileEncoding = 4; lastKnownFileType = sourcecode.c.objc; path = AMLauncher.m; sourceTree = "<group>"; };
		62FCBC321683E0C9008CA14F /* Layout.h */ = {isa = PBXFileReference; fileEncoding = 4; lastKnownFileType = sourcecode.c.h; path = Layout.h; sourceTree = "<group>"; };
		62FCBC331683E0C9008CA14F /* Layout.m */ = {isa = PBXFileReference; fileEncoding = 4; lastKnownFileType = sourcecode.c.objc; path = Layout.m; sourceTree = "<group>"; };
		62FCBC351683E0C9008CA14F /* AMLogging.h */ = {isa = PBXFileReference; fileEncoding = 4; lastKnownFileType = sourcecode.c.h; path = AMLogging.h; sourceTree = "<group>"; };
		62FCBC371683E0C9008CA14F /* AMColorLogging.h */ = {isa = PBXFileReference; fileEncoding = 4; lastKnownFileType = sourcecode.c.h; path = AMColorLogging.h; sourceTree = "<group>"; };
		62FCBC391683E0C9008CA14F /* AMLogger.h */ = {isa = PBXFileReference; fileEncoding = 4; lastKnownFileType = sourcecode.c.h; path = AMLogger.h; sourceTree = "<group>"; };
		62FCBC3A1683E0C9008CA14F /* AMLogger.m */ = {isa = PBXFileReference; fileEncoding = 4; lastKnownFileType = sourcecode.c.objc; path = AMLogger.m; sourceTree = "<group>"; };
		62FCBC3B1683E0C9008CA14F /* MainWindow.xib */ = {isa = PBXFileReference; fileEncoding = 4; lastKnownFileType = file.xib; path = MainWindow.xib; sourceTree = "<group>"; };
		62FCBC411683E0C9008CA14F /* AMSettingsManager.h */ = {isa = PBXFileReference; fileEncoding = 4; lastKnownFileType = sourcecode.c.h; path = AMSettingsManager.h; sourceTree = "<group>"; };
		62FCBC421683E0C9008CA14F /* AMSettingsManager.m */ = {isa = PBXFileReference; fileEncoding = 4; lastKnownFileType = sourcecode.c.objc; path = AMSettingsManager.m; sourceTree = "<group>"; };
		62FCBC441683E0C9008CA14F /* AMSettings.h */ = {isa = PBXFileReference; fileEncoding = 4; lastKnownFileType = sourcecode.c.h; path = AMSettings.h; sourceTree = "<group>"; };
		62FCBC451683E0C9008CA14F /* AMSettings.m */ = {isa = PBXFileReference; fileEncoding = 4; lastKnownFileType = sourcecode.c.objc; path = AMSettings.m; sourceTree = "<group>"; };
		62FCBC471683E0C9008CA14F /* AMViewManager.h */ = {isa = PBXFileReference; fileEncoding = 4; lastKnownFileType = sourcecode.c.h; path = AMViewManager.h; sourceTree = "<group>"; };
		62FCBC481683E0C9008CA14F /* AMViewManager.m */ = {isa = PBXFileReference; fileEncoding = 4; lastKnownFileType = sourcecode.c.objc; path = AMViewManager.m; sourceTree = "<group>"; };
		62FCBC501683E0C9008CA14F /* PressAndHoldImages.h */ = {isa = PBXFileReference; fileEncoding = 4; lastKnownFileType = sourcecode.c.h; path = PressAndHoldImages.h; sourceTree = "<group>"; };
		62FCBC511683E0C9008CA14F /* PressAndHoldImages.m */ = {isa = PBXFileReference; fileEncoding = 4; lastKnownFileType = sourcecode.c.objc; path = PressAndHoldImages.m; sourceTree = "<group>"; };
		62FCBC521683E0C9008CA14F /* PressAndHoldView.h */ = {isa = PBXFileReference; fileEncoding = 4; lastKnownFileType = sourcecode.c.h; path = PressAndHoldView.h; sourceTree = "<group>"; };
		62FCBC531683E0C9008CA14F /* PressAndHoldView.m */ = {isa = PBXFileReference; fileEncoding = 4; lastKnownFileType = sourcecode.c.objc; path = PressAndHoldView.m; sourceTree = "<group>"; };
		62FCBC551683E0C9008CA14F /* SideBySide.xib */ = {isa = PBXFileReference; fileEncoding = 4; lastKnownFileType = file.xib; path = SideBySide.xib; sourceTree = "<group>"; };
		62FCBC561683E0C9008CA14F /* SideBySide_iPad.xib */ = {isa = PBXFileReference; fileEncoding = 4; lastKnownFileType = file.xib; path = SideBySide_iPad.xib; sourceTree = "<group>"; };
		62FCBC571683E0C9008CA14F /* SideBySideCon.h */ = {isa = PBXFileReference; fileEncoding = 4; lastKnownFileType = sourcecode.c.h; path = SideBySideCon.h; sourceTree = "<group>"; };
		62FCBC581683E0C9008CA14F /* SideBySideCon.m */ = {isa = PBXFileReference; fileEncoding = 4; lastKnownFileType = sourcecode.c.objc; path = SideBySideCon.m; sourceTree = "<group>"; };
		62FCBC5B1683E0C9008CA14F /* VerticalSegmentedControl.h */ = {isa = PBXFileReference; fileEncoding = 4; lastKnownFileType = sourcecode.c.h; path = VerticalSegmentedControl.h; sourceTree = "<group>"; };
		62FCBC5C1683E0C9008CA14F /* VerticalSegmentedControl.m */ = {isa = PBXFileReference; fileEncoding = 4; lastKnownFileType = sourcecode.c.objc; path = VerticalSegmentedControl.m; sourceTree = "<group>"; };
		62FCBC5F1683E0C9008CA14F /* AMSampleViewController.h */ = {isa = PBXFileReference; fileEncoding = 4; lastKnownFileType = sourcecode.c.h; path = AMSampleViewController.h; sourceTree = "<group>"; };
		62FCBC601683E0C9008CA14F /* AMSampleViewController.m */ = {isa = PBXFileReference; fileEncoding = 4; lastKnownFileType = sourcecode.c.objc; path = AMSampleViewController.m; sourceTree = "<group>"; };
		62FCBC621683E0C9008CA14F /* GalleryView.xib */ = {isa = PBXFileReference; fileEncoding = 4; lastKnownFileType = file.xib; path = GalleryView.xib; sourceTree = "<group>"; };
		62FCBC631683E0C9008CA14F /* GalleryView_iPad.xib */ = {isa = PBXFileReference; fileEncoding = 4; lastKnownFileType = file.xib; path = GalleryView_iPad.xib; sourceTree = "<group>"; };
		62FCBC641683E0C9008CA14F /* GalleryViewCon.h */ = {isa = PBXFileReference; fileEncoding = 4; lastKnownFileType = sourcecode.c.h; path = GalleryViewCon.h; sourceTree = "<group>"; };
		62FCBC651683E0C9008CA14F /* GalleryViewCon.m */ = {isa = PBXFileReference; fileEncoding = 4; lastKnownFileType = sourcecode.c.objc; path = GalleryViewCon.m; sourceTree = "<group>"; };
		62FCBC671683E0C9008CA14F /* InfoPage.xib */ = {isa = PBXFileReference; fileEncoding = 4; lastKnownFileType = file.xib; path = InfoPage.xib; sourceTree = "<group>"; };
		62FCBC681683E0C9008CA14F /* InfoPage_ipad.xib */ = {isa = PBXFileReference; fileEncoding = 4; lastKnownFileType = file.xib; path = InfoPage_ipad.xib; sourceTree = "<group>"; };
		62FCBC691683E0C9008CA14F /* InfoPageViewCon.h */ = {isa = PBXFileReference; fileEncoding = 4; lastKnownFileType = sourcecode.c.h; path = InfoPageViewCon.h; sourceTree = "<group>"; };
		62FCBC6A1683E0C9008CA14F /* InfoPageViewCon.m */ = {isa = PBXFileReference; fileEncoding = 4; lastKnownFileType = sourcecode.c.objc; path = InfoPageViewCon.m; sourceTree = "<group>"; };
		62FCBC6C1683E0C9008CA14F /* MainMenu.xib */ = {isa = PBXFileReference; fileEncoding = 4; lastKnownFileType = file.xib; path = MainMenu.xib; sourceTree = "<group>"; };
		62FCBC6D1683E0C9008CA14F /* MainMenuViewCon.h */ = {isa = PBXFileReference; fileEncoding = 4; lastKnownFileType = sourcecode.c.h; path = MainMenuViewCon.h; sourceTree = "<group>"; };
		62FCBC6E1683E0C9008CA14F /* MainMenuViewCon.m */ = {isa = PBXFileReference; fileEncoding = 4; lastKnownFileType = sourcecode.c.objc; path = MainMenuViewCon.m; sourceTree = "<group>"; };
		62FCBC701683E0C9008CA14F /* MyViewCon.h */ = {isa = PBXFileReference; fileEncoding = 4; lastKnownFileType = sourcecode.c.h; path = MyViewCon.h; sourceTree = "<group>"; };
		62FCBC711683E0C9008CA14F /* MyViewCon.m */ = {isa = PBXFileReference; fileEncoding = 4; lastKnownFileType = sourcecode.c.objc; path = MyViewCon.m; sourceTree = "<group>"; };
		62FCBC731683E0C9008CA14F /* SaveImage_ipad.xib */ = {isa = PBXFileReference; fileEncoding = 4; lastKnownFileType = file.xib; path = SaveImage_ipad.xib; sourceTree = "<group>"; };
		62FCBC741683E0C9008CA14F /* SaveImageCon.h */ = {isa = PBXFileReference; fileEncoding = 4; lastKnownFileType = sourcecode.c.h; path = SaveImageCon.h; sourceTree = "<group>"; };
		62FCBC751683E0C9008CA14F /* SaveImageCon.m */ = {isa = PBXFileReference; fileEncoding = 4; lastKnownFileType = sourcecode.c.objc; path = SaveImageCon.m; sourceTree = "<group>"; };
		62FCBC781683E0C9008CA14F /* AMSplashScreen.h */ = {isa = PBXFileReference; fileEncoding = 4; lastKnownFileType = sourcecode.c.h; path = AMSplashScreen.h; sourceTree = "<group>"; };
		62FCBC791683E0C9008CA14F /* AMSplashScreen.m */ = {isa = PBXFileReference; fileEncoding = 4; lastKnownFileType = sourcecode.c.objc; path = AMSplashScreen.m; sourceTree = "<group>"; };
		62FCBC7B1683E0C9008CA14F /* ScopeView.xib */ = {isa = PBXFileReference; fileEncoding = 4; lastKnownFileType = file.xib; path = ScopeView.xib; sourceTree = "<group>"; };
		62FCBC7C1683E0C9008CA14F /* ScopeViewCon.h */ = {isa = PBXFileReference; fileEncoding = 4; lastKnownFileType = sourcecode.c.h; path = ScopeViewCon.h; sourceTree = "<group>"; };
		62FCBC7D1683E0C9008CA14F /* ScopeViewCon.m */ = {isa = PBXFileReference; fileEncoding = 4; lastKnownFileType = sourcecode.c.objc; path = ScopeViewCon.m; sourceTree = "<group>"; };
		62FCBC7F1683E0C9008CA14F /* SplashView.xib */ = {isa = PBXFileReference; fileEncoding = 4; lastKnownFileType = file.xib; path = SplashView.xib; sourceTree = "<group>"; };
		62FCBC801683E0C9008CA14F /* SplashViewCon.h */ = {isa = PBXFileReference; fileEncoding = 4; lastKnownFileType = sourcecode.c.h; path = SplashViewCon.h; sourceTree = "<group>"; };
		62FCBC811683E0C9008CA14F /* SplashViewCon.m */ = {isa = PBXFileReference; fileEncoding = 4; lastKnownFileType = sourcecode.c.objc; path = SplashViewCon.m; sourceTree = "<group>"; };
		62FCBC831683E0C9008CA14F /* TogglingScrollview.h */ = {isa = PBXFileReference; fileEncoding = 4; lastKnownFileType = sourcecode.c.h; path = TogglingScrollview.h; sourceTree = "<group>"; };
		62FCBC841683E0C9008CA14F /* TogglingScrollview.m */ = {isa = PBXFileReference; fileEncoding = 4; lastKnownFileType = sourcecode.c.objc; path = TogglingScrollview.m; sourceTree = "<group>"; };
		62FCBCEF1683E1FA008CA14F /* FiR3FiParseMaster.h */ = {isa = PBXFileReference; fileEncoding = 4; lastKnownFileType = sourcecode.c.h; path = FiR3FiParseMaster.h; sourceTree = "<group>"; };
		62FCBCF01683E1FA008CA14F /* FiR3FiParseMaster.m */ = {isa = PBXFileReference; fileEncoding = 4; lastKnownFileType = sourcecode.c.objc; path = FiR3FiParseMaster.m; sourceTree = "<group>"; };
		62FCBCF21683E1FA008CA14F /* FiR3FiOBJCReturnTypes.h */ = {isa = PBXFileReference; fileEncoding = 4; lastKnownFileType = sourcecode.c.h; path = FiR3FiOBJCReturnTypes.h; sourceTree = "<group>"; };
		62FCBCF31683E1FA008CA14F /* FiR3FiOBJCReturnTypes.m */ = {isa = PBXFileReference; fileEncoding = 4; lastKnownFileType = sourcecode.c.objc; path = FiR3FiOBJCReturnTypes.m; sourceTree = "<group>"; };
		FAA3491B11DDAECF00F995F7 /* AudioToolbox.framework */ = {isa = PBXFileReference; lastKnownFileType = wrapper.framework; name = AudioToolbox.framework; path = System/Library/Frameworks/AudioToolbox.framework; sourceTree = SDKROOT; };
/* End PBXFileReference section */

/* Begin PBXFrameworksBuildPhase section */
		1D60588F0D05DD3D006BFB54 /* Frameworks */ = {
			isa = PBXFrameworksBuildPhase;
			buildActionMask = 2147483647;
			files = (
				62E10BEE166BE21E00D45FEB /* QuartzCore.framework in Frameworks */,
				1D60589F0D05DD5A006BFB54 /* Foundation.framework in Frameworks */,
				1DF5F4E00D08C38300B7A737 /* UIKit.framework in Frameworks */,
				288765A50DF7441C002DB57D /* CoreGraphics.framework in Frameworks */,
				FAA3491C11DDAECF00F995F7 /* AudioToolbox.framework in Frameworks */,
				2A7E99A113D4DAC90032409D /* MessageUI.framework in Frameworks */,
				2A61FE6014EA39270065D0C0 /* AssetsLibrary.framework in Frameworks */,
				625AC6E9167FEE7E005D3832 /* libAirMicro-fat.a in Frameworks */,
			);
			runOnlyForDeploymentPostprocessing = 0;
		};
		628042EB1555F6C90087838D /* Frameworks */ = {
			isa = PBXFrameworksBuildPhase;
			buildActionMask = 2147483647;
			files = (
				628042F11555F6C90087838D /* SenTestingKit.framework in Frameworks */,
				628042F21555F6C90087838D /* UIKit.framework in Frameworks */,
				628042F31555F6C90087838D /* Foundation.framework in Frameworks */,
				625AC6EA167FEE7E005D3832 /* libAirMicro-fat.a in Frameworks */,
			);
			runOnlyForDeploymentPostprocessing = 0;
		};
/* End PBXFrameworksBuildPhase section */

/* Begin PBXGroup section */
		19C28FACFE9D520D11CA2CBB /* Products */ = {
			isa = PBXGroup;
			children = (
				1D6058910D05DD3D006BFB54 /* AMSample.app */,
				628042EF1555F6C90087838D /* MyTestSet.octest */,
			);
			name = Products;
			sourceTree = "<group>";
		};
		29B97314FDCFA39411CA2CEA /* CustomTemplate */ = {
			isa = PBXGroup;
			children = (
				62FCBBFB1683E0C9008CA14F /* Source */,
				625AC6EB167FEF37005D3832 /* Resources */,
				29B97315FDCFA39411CA2CEA /* Other Sources */,
				628042F41555F6C90087838D /* MyTestSet */,
				29B97323FDCFA39411CA2CEA /* Frameworks */,
				19C28FACFE9D520D11CA2CBB /* Products */,
			);
			name = CustomTemplate;
			sourceTree = "<group>";
		};
		29B97315FDCFA39411CA2CEA /* Other Sources */ = {
			isa = PBXGroup;
			children = (
				32CA4F630368D1EE00C91783 /* AMSample_Prefix.pch */,
				29B97316FDCFA39411CA2CEA /* main.m */,
			);
			name = "Other Sources";
			sourceTree = "<group>";
		};
		29B97323FDCFA39411CA2CEA /* Frameworks */ = {
			isa = PBXGroup;
			children = (
				625AC6E6167FEE7E005D3832 /* libAirMicro-fat */,
				62E10BED166BE21E00D45FEB /* QuartzCore.framework */,
				2A61FE5F14EA39270065D0C0 /* AssetsLibrary.framework */,
				2A7E99A013D4DAC90032409D /* MessageUI.framework */,
				1DF5F4DF0D08C38300B7A737 /* UIKit.framework */,
				1D30AB110D05D00D00671497 /* Foundation.framework */,
				288765A40DF7441C002DB57D /* CoreGraphics.framework */,
				FAA3491B11DDAECF00F995F7 /* AudioToolbox.framework */,
				628042F01555F6C90087838D /* SenTestingKit.framework */,
			);
			name = Frameworks;
			sourceTree = "<group>";
		};
		6209FE4A16956F210037417E /* AlbumManagerViewCon */ = {
			isa = PBXGroup;
			children = (
				6209FE4B16956F210037417E /* AlbumManagerViewCon.h */,
				6209FE4C16956F210037417E /* AlbumManagerViewCon.m */,
			);
			path = AlbumManagerViewCon;
			sourceTree = "<group>";
		};
		62304DD31691517D00B905B7 /* AlertView */ = {
			isa = PBXGroup;
			children = (
				62304DD41691517D00B905B7 /* AMAlertView.h */,
				62304DD51691517D00B905B7 /* AMAlertView.m */,
			);
			path = AlertView;
			sourceTree = "<group>";
		};
		625A5D0C166B1F0B00F4CA32 /* Application Tests */ = {
			isa = PBXGroup;
			children = (
				625A5D0D166B1F0B00F4CA32 /* SplashAppTest.h */,
				625A5D0E166B1F0B00F4CA32 /* SplashAppTest.m */,
				625A5D25166B22B500F4CA32 /* AMAppTests.h */,
				625A5D26166B22B500F4CA32 /* AMAppTests.m */,
			);
			path = "Application Tests";
			sourceTree = "<group>";
		};
		625A5D0F166B1F0B00F4CA32 /* Logic Tests */ = {
			isa = PBXGroup;
			children = (
				625A5D10166B1F0B00F4CA32 /* SplashTest.h */,
				625A5D11166B1F0B00F4CA32 /* SplashTest.m */,
			);
			path = "Logic Tests";
			sourceTree = "<group>";
		};
		625AC6E6167FEE7E005D3832 /* libAirMicro-fat */ = {
			isa = PBXGroup;
			children = (
				625AC6E7167FEE7E005D3832 /* libAirMicro-fat.a */,
				625AC6E8167FEE7E005D3832 /* libAirMicro.h */,
			);
			name = "libAirMicro-fat";
			path = "../../libAirMicro/libAirMicro-fat";
			sourceTree = "<group>";
		};
		625AC6EB167FEF37005D3832 /* Resources */ = {
			isa = PBXGroup;
			children = (
			);
			path = Resources;
			sourceTree = "<group>";
		};
		628042F41555F6C90087838D /* MyTestSet */ = {
			isa = PBXGroup;
			children = (
				625A5D0C166B1F0B00F4CA32 /* Application Tests */,
				625A5D0F166B1F0B00F4CA32 /* Logic Tests */,
				628042F51555F6C90087838D /* Supporting Files */,
			);
			path = MyTestSet;
			sourceTree = "<group>";
		};
		628042F51555F6C90087838D /* Supporting Files */ = {
			isa = PBXGroup;
			children = (
				628042F61555F6C90087838D /* MyTestSet-Info.plist */,
				628042F71555F6C90087838D /* InfoPlist.strings */,
				628042FD1555F6C90087838D /* MyTestSet-Prefix.pch */,
			);
			name = "Supporting Files";
			sourceTree = "<group>";
		};
		62AF9E68169530B20066181E /* App Rater */ = {
			isa = PBXGroup;
			children = (
				62AF9E69169530B20066181E /* AMAppRater.h */,
				62AF9E6A169530B20066181E /* AMAppRater.m */,
			);
			path = "App Rater";
			sourceTree = "<group>";
		};
		62E2D1CA16842C1B0015E347 /* AMFileManager */ = {
			isa = PBXGroup;
			children = (
				62E2D1CB16842C1B0015E347 /* AMFileManager.h */,
				62E2D1CC16842C1B0015E347 /* AMFileManager.m */,
			);
			path = AMFileManager;
			sourceTree = "<group>";
		};
		62E2D1D3168437F70015E347 /* Album */ = {
			isa = PBXGroup;
			children = (
				62E2D1D4168437F70015E347 /* AMAlbum.h */,
				62E2D1D5168437F70015E347 /* AMAlbum.m */,
			);
			path = Album;
			sourceTree = "<group>";
		};
		62E2D1DC16843A530015E347 /* Updater */ = {
			isa = PBXGroup;
			children = (
				62E2D1DD16843A530015E347 /* AMUpdater.h */,
				62E2D1DE16843A530015E347 /* AMUpdater.m */,
			);
			path = Updater;
			sourceTree = "<group>";
		};
		62FCBBFB1683E0C9008CA14F /* Source */ = {
			isa = PBXGroup;
			children = (
				62AF9E68169530B20066181E /* App Rater */,
				62E2D1DC16843A530015E347 /* Updater */,
				62FCBBFF1683E0C9008CA14F /* App Delegate */,
				62FCBC021683E0C9008CA14F /* Categories */,
				62FCBC1E1683E0C9008CA14F /* Constants */,
				62FCBC211683E0C9008CA14F /* ControlPoint.h */,
				62FCBC221683E0C9008CA14F /* ControlPoint.m */,
				62FCBC231683E0C9008CA14F /* Core */,
				62FCBC271683E0C9008CA14F /* Folder.xib */,
				62FCBC281683E0C9008CA14F /* Image Viewer */,
				62FCBC2E1683E0C9008CA14F /* Launch */,
				62FCBC311683E0C9008CA14F /* Layout */,
				62FCBC341683E0C9008CA14F /* Logging */,
				62FCBC3B1683E0C9008CA14F /* MainWindow.xib */,
				62FCBC3C1683E0C9008CA14F /* Managers */,
				62FCBC4F1683E0C9008CA14F /* PressAndHold */,
				62FCBC541683E0C9008CA14F /* SideBySide */,
				62FCBCED1683E1FA008CA14F /* Tools */,
				62FCBC5A1683E0C9008CA14F /* Vertical Segment */,
				62FCBC5D1683E0C9008CA14F /* View Cons */,
				62FCBC761683E0C9008CA14F /* Views */,
			);
			path = Source;
			sourceTree = "<group>";
		};
		62FCBBFF1683E0C9008CA14F /* App Delegate */ = {
			isa = PBXGroup;
			children = (
				62FCBC001683E0C9008CA14F /* CompareViewAppDelegate.h */,
				62FCBC011683E0C9008CA14F /* CompareViewAppDelegate.m */,
			);
			path = "App Delegate";
			sourceTree = "<group>";
		};
		62FCBC021683E0C9008CA14F /* Categories */ = {
			isa = PBXGroup;
			children = (
				62FCBC031683E0C9008CA14F /* AMCategories.h */,
				62FCBC041683E0C9008CA14F /* CALayer */,
				62FCBC071683E0C9008CA14F /* NSArray */,
				62FCBC0A1683E0C9008CA14F /* NSDictionary */,
				62FCBC101683E0C9008CA14F /* NSObject */,
				62FCBC131683E0C9008CA14F /* NSString */,
				62FCBC181683E0C9008CA14F /* NSURL */,
				62FCBC1B1683E0C9008CA14F /* UIWindowAdditions */,
			);
			path = Categories;
			sourceTree = "<group>";
		};
		62FCBC041683E0C9008CA14F /* CALayer */ = {
			isa = PBXGroup;
			children = (
				62FCBC051683E0C9008CA14F /* AMLayerAdditions.h */,
				62FCBC061683E0C9008CA14F /* AMLayerAdditions.m */,
			);
			path = CALayer;
			sourceTree = "<group>";
		};
		62FCBC071683E0C9008CA14F /* NSArray */ = {
			isa = PBXGroup;
			children = (
				62FCBC081683E0C9008CA14F /* AMArrayAdditions.h */,
				62FCBC091683E0C9008CA14F /* AMArrayAdditions.m */,
			);
			path = NSArray;
			sourceTree = "<group>";
		};
		62FCBC0A1683E0C9008CA14F /* NSDictionary */ = {
			isa = PBXGroup;
			children = (
				62FCBC0B1683E0C9008CA14F /* AMDictionaryAdditions.h */,
				62FCBC0C1683E0C9008CA14F /* AMDictionaryAdditions.m */,
				62FCBC0D1683E0C9008CA14F /* YAMLParser */,
			);
			path = NSDictionary;
			sourceTree = "<group>";
		};
		62FCBC0D1683E0C9008CA14F /* YAMLParser */ = {
			isa = PBXGroup;
			children = (
				62FCBC0E1683E0C9008CA14F /* AMYAMLParser.h */,
				62FCBC0F1683E0C9008CA14F /* AMYAMLParser.m */,
			);
			path = YAMLParser;
			sourceTree = "<group>";
		};
		62FCBC101683E0C9008CA14F /* NSObject */ = {
			isa = PBXGroup;
			children = (
				62FCBC111683E0C9008CA14F /* NSObject+ClassName.h */,
				62FCBC121683E0C9008CA14F /* NSObject+ClassName.m */,
			);
			path = NSObject;
			sourceTree = "<group>";
		};
		62FCBC131683E0C9008CA14F /* NSString */ = {
			isa = PBXGroup;
			children = (
				62FCBC141683E0C9008CA14F /* AMStringContains.h */,
				62FCBC151683E0C9008CA14F /* AMStringContains.m */,
				62FCBC161683E0C9008CA14F /* NSString+MD5Addition.h */,
				62FCBC171683E0C9008CA14F /* NSString+MD5Addition.m */,
			);
			path = NSString;
			sourceTree = "<group>";
		};
		62FCBC181683E0C9008CA14F /* NSURL */ = {
			isa = PBXGroup;
			children = (
				62FCBC191683E0C9008CA14F /* AMURLAdditions.h */,
				62FCBC1A1683E0C9008CA14F /* AMURLAdditions.m */,
			);
			path = NSURL;
			sourceTree = "<group>";
		};
		62FCBC1B1683E0C9008CA14F /* UIWindowAdditions */ = {
			isa = PBXGroup;
			children = (
				62FCBC1C1683E0C9008CA14F /* AMWindowAdditions.h */,
				62FCBC1D1683E0C9008CA14F /* AMWindowAdditions.m */,
			);
			path = UIWindowAdditions;
			sourceTree = "<group>";
		};
		62FCBC1E1683E0C9008CA14F /* Constants */ = {
			isa = PBXGroup;
			children = (
				62FCBC1F1683E0C9008CA14F /* AMConstants.h */,
				62FCBC201683E0C9008CA14F /* EnumHeader.h */,
			);
			path = Constants;
			sourceTree = "<group>";
		};
		62FCBC231683E0C9008CA14F /* Core */ = {
			isa = PBXGroup;
			children = (
				62FCBC241683E0C9008CA14F /* CompareView */,
			);
			path = Core;
			sourceTree = "<group>";
		};
		62FCBC241683E0C9008CA14F /* CompareView */ = {
			isa = PBXGroup;
			children = (
				62FCBC251683E0C9008CA14F /* CompareView.h */,
				62FCBC261683E0C9008CA14F /* CompareView.m */,
			);
			path = CompareView;
			sourceTree = "<group>";
		};
		62FCBC281683E0C9008CA14F /* Image Viewer */ = {
			isa = PBXGroup;
			children = (
				62FCBC291683E0C9008CA14F /* Image.xib */,
				62FCBC2A1683E0C9008CA14F /* ImageViewer.h */,
				62FCBC2B1683E0C9008CA14F /* ImageViewer.m */,
				62FCBC2C1683E0C9008CA14F /* ImageViewer.xib */,
				62FCBC2D1683E0C9008CA14F /* ImageViewer_ipad.xib */,
			);
			path = "Image Viewer";
			sourceTree = "<group>";
		};
		62FCBC2E1683E0C9008CA14F /* Launch */ = {
			isa = PBXGroup;
			children = (
				62FCBC2F1683E0C9008CA14F /* AMLauncher.h */,
				62FCBC301683E0C9008CA14F /* AMLauncher.m */,
			);
			path = Launch;
			sourceTree = "<group>";
		};
		62FCBC311683E0C9008CA14F /* Layout */ = {
			isa = PBXGroup;
			children = (
				62FCBC321683E0C9008CA14F /* Layout.h */,
				62FCBC331683E0C9008CA14F /* Layout.m */,
			);
			path = Layout;
			sourceTree = "<group>";
		};
		62FCBC341683E0C9008CA14F /* Logging */ = {
			isa = PBXGroup;
			children = (
				62FCBC351683E0C9008CA14F /* AMLogging.h */,
				62FCBC361683E0C9008CA14F /* Colors */,
				62FCBC381683E0C9008CA14F /* PSLogger */,
			);
			path = Logging;
			sourceTree = "<group>";
		};
		62FCBC361683E0C9008CA14F /* Colors */ = {
			isa = PBXGroup;
			children = (
				62FCBC371683E0C9008CA14F /* AMColorLogging.h */,
			);
			path = Colors;
			sourceTree = "<group>";
		};
		62FCBC381683E0C9008CA14F /* PSLogger */ = {
			isa = PBXGroup;
			children = (
				62FCBC391683E0C9008CA14F /* AMLogger.h */,
				62FCBC3A1683E0C9008CA14F /* AMLogger.m */,
			);
			path = PSLogger;
			sourceTree = "<group>";
		};
		62FCBC3C1683E0C9008CA14F /* Managers */ = {
			isa = PBXGroup;
			children = (
				62FCBC3D1683E0C9008CA14F /* Album Manager */,
				62FCBC401683E0C9008CA14F /* SettingsManager */,
				62FCBC461683E0C9008CA14F /* ViewManager */,
			);
			path = Managers;
			sourceTree = "<group>";
		};
		62FCBC3D1683E0C9008CA14F /* Album Manager */ = {
			isa = PBXGroup;
			children = (
				6209FE4F16956F410037417E /* AMAlbumManager.h */,
				6209FE5016956F410037417E /* AMAlbumManager.m */,
				62E2D1D3168437F70015E347 /* Album */,
			);
			path = "Album Manager";
			sourceTree = "<group>";
		};
		62FCBC401683E0C9008CA14F /* SettingsManager */ = {
			isa = PBXGroup;
			children = (
				62FCBC411683E0C9008CA14F /* AMSettingsManager.h */,
				62FCBC421683E0C9008CA14F /* AMSettingsManager.m */,
				62FCBC431683E0C9008CA14F /* Settings */,
			);
			path = SettingsManager;
			sourceTree = "<group>";
		};
		62FCBC431683E0C9008CA14F /* Settings */ = {
			isa = PBXGroup;
			children = (
				62FCBC441683E0C9008CA14F /* AMSettings.h */,
				62FCBC451683E0C9008CA14F /* AMSettings.m */,
			);
			path = Settings;
			sourceTree = "<group>";
		};
		62FCBC461683E0C9008CA14F /* ViewManager */ = {
			isa = PBXGroup;
			children = (
				62FCBC471683E0C9008CA14F /* AMViewManager.h */,
				62FCBC481683E0C9008CA14F /* AMViewManager.m */,
			);
			path = ViewManager;
			sourceTree = "<group>";
		};
		62FCBC4F1683E0C9008CA14F /* PressAndHold */ = {
			isa = PBXGroup;
			children = (
				62FCBC501683E0C9008CA14F /* PressAndHoldImages.h */,
				62FCBC511683E0C9008CA14F /* PressAndHoldImages.m */,
				62FCBC521683E0C9008CA14F /* PressAndHoldView.h */,
				62FCBC531683E0C9008CA14F /* PressAndHoldView.m */,
			);
			path = PressAndHold;
			sourceTree = "<group>";
		};
		62FCBC541683E0C9008CA14F /* SideBySide */ = {
			isa = PBXGroup;
			children = (
				62FCBC551683E0C9008CA14F /* SideBySide.xib */,
				62FCBC561683E0C9008CA14F /* SideBySide_iPad.xib */,
				62FCBC571683E0C9008CA14F /* SideBySideCon.h */,
				62FCBC581683E0C9008CA14F /* SideBySideCon.m */,
			);
			path = SideBySide;
			sourceTree = "<group>";
		};
		62FCBC5A1683E0C9008CA14F /* Vertical Segment */ = {
			isa = PBXGroup;
			children = (
				62FCBC5B1683E0C9008CA14F /* VerticalSegmentedControl.h */,
				62FCBC5C1683E0C9008CA14F /* VerticalSegmentedControl.m */,
			);
			path = "Vertical Segment";
			sourceTree = "<group>";
		};
		62FCBC5D1683E0C9008CA14F /* View Cons */ = {
			isa = PBXGroup;
			children = (
				6209FE4A16956F210037417E /* AlbumManagerViewCon */,
				62FCBC5E1683E0C9008CA14F /* AMSample View Con */,
				62FCBC611683E0C9008CA14F /* Gallery View Con */,
				62FCBC661683E0C9008CA14F /* Info View Con */,
				62FCBC6B1683E0C9008CA14F /* MainMenu View Con */,
				62FCBC6F1683E0C9008CA14F /* Parent View Con */,
				62FCBC721683E0C9008CA14F /* Save Image View Con */,
			);
			path = "View Cons";
			sourceTree = "<group>";
		};
		62FCBC5E1683E0C9008CA14F /* AMSample View Con */ = {
			isa = PBXGroup;
			children = (
				62FCBC5F1683E0C9008CA14F /* AMSampleViewController.h */,
				62FCBC601683E0C9008CA14F /* AMSampleViewController.m */,
			);
			path = "AMSample View Con";
			sourceTree = "<group>";
		};
		62FCBC611683E0C9008CA14F /* Gallery View Con */ = {
			isa = PBXGroup;
			children = (
				62FCBC621683E0C9008CA14F /* GalleryView.xib */,
				62FCBC631683E0C9008CA14F /* GalleryView_iPad.xib */,
				62FCBC641683E0C9008CA14F /* GalleryViewCon.h */,
				62FCBC651683E0C9008CA14F /* GalleryViewCon.m */,
			);
			path = "Gallery View Con";
			sourceTree = "<group>";
		};
		62FCBC661683E0C9008CA14F /* Info View Con */ = {
			isa = PBXGroup;
			children = (
				62FCBC671683E0C9008CA14F /* InfoPage.xib */,
				62FCBC681683E0C9008CA14F /* InfoPage_ipad.xib */,
				62FCBC691683E0C9008CA14F /* InfoPageViewCon.h */,
				62FCBC6A1683E0C9008CA14F /* InfoPageViewCon.m */,
			);
			path = "Info View Con";
			sourceTree = "<group>";
		};
		62FCBC6B1683E0C9008CA14F /* MainMenu View Con */ = {
			isa = PBXGroup;
			children = (
				62FCBC6C1683E0C9008CA14F /* MainMenu.xib */,
				62FCBC6D1683E0C9008CA14F /* MainMenuViewCon.h */,
				62FCBC6E1683E0C9008CA14F /* MainMenuViewCon.m */,
			);
			path = "MainMenu View Con";
			sourceTree = "<group>";
		};
		62FCBC6F1683E0C9008CA14F /* Parent View Con */ = {
			isa = PBXGroup;
			children = (
				62FCBC701683E0C9008CA14F /* MyViewCon.h */,
				62FCBC711683E0C9008CA14F /* MyViewCon.m */,
			);
			path = "Parent View Con";
			sourceTree = "<group>";
		};
		62FCBC721683E0C9008CA14F /* Save Image View Con */ = {
			isa = PBXGroup;
			children = (
				62FCBC731683E0C9008CA14F /* SaveImage_ipad.xib */,
				62FCBC741683E0C9008CA14F /* SaveImageCon.h */,
				62FCBC751683E0C9008CA14F /* SaveImageCon.m */,
			);
			path = "Save Image View Con";
			sourceTree = "<group>";
		};
		62FCBC761683E0C9008CA14F /* Views */ = {
			isa = PBXGroup;
			children = (
				62FCBC771683E0C9008CA14F /* AMSplashScreen */,
				62FCBC7A1683E0C9008CA14F /* Scope View */,
				62FCBC7E1683E0C9008CA14F /* Splash View */,
				62FCBC821683E0C9008CA14F /* Toggling Scroll View */,
			);
			path = Views;
			sourceTree = "<group>";
		};
		62FCBC771683E0C9008CA14F /* AMSplashScreen */ = {
			isa = PBXGroup;
			children = (
				62FCBC781683E0C9008CA14F /* AMSplashScreen.h */,
				62FCBC791683E0C9008CA14F /* AMSplashScreen.m */,
			);
			path = AMSplashScreen;
			sourceTree = "<group>";
		};
		62FCBC7A1683E0C9008CA14F /* Scope View */ = {
			isa = PBXGroup;
			children = (
				62FCBC7B1683E0C9008CA14F /* ScopeView.xib */,
				62FCBC7C1683E0C9008CA14F /* ScopeViewCon.h */,
				62FCBC7D1683E0C9008CA14F /* ScopeViewCon.m */,
			);
			path = "Scope View";
			sourceTree = "<group>";
		};
		62FCBC7E1683E0C9008CA14F /* Splash View */ = {
			isa = PBXGroup;
			children = (
				62FCBC7F1683E0C9008CA14F /* SplashView.xib */,
				62FCBC801683E0C9008CA14F /* SplashViewCon.h */,
				62FCBC811683E0C9008CA14F /* SplashViewCon.m */,
			);
			path = "Splash View";
			sourceTree = "<group>";
		};
		62FCBC821683E0C9008CA14F /* Toggling Scroll View */ = {
			isa = PBXGroup;
			children = (
				62FCBC831683E0C9008CA14F /* TogglingScrollview.h */,
				62FCBC841683E0C9008CA14F /* TogglingScrollview.m */,
			);
			path = "Toggling Scroll View";
			sourceTree = "<group>";
		};
		62FCBCED1683E1FA008CA14F /* Tools */ = {
			isa = PBXGroup;
			children = (
				62304DD31691517D00B905B7 /* AlertView */,
				62E2D1CA16842C1B0015E347 /* AMFileManager */,
				62FCBCEE1683E1FA008CA14F /* ParseMaster */,
			);
			path = Tools;
			sourceTree = "<group>";
		};
		62FCBCEE1683E1FA008CA14F /* ParseMaster */ = {
			isa = PBXGroup;
			children = (
				62FCBCEF1683E1FA008CA14F /* FiR3FiParseMaster.h */,
				62FCBCF01683E1FA008CA14F /* FiR3FiParseMaster.m */,
				62FCBCF11683E1FA008CA14F /* ReturnTypes */,
			);
			path = ParseMaster;
			sourceTree = "<group>";
		};
		62FCBCF11683E1FA008CA14F /* ReturnTypes */ = {
			isa = PBXGroup;
			children = (
				62FCBCF21683E1FA008CA14F /* FiR3FiOBJCReturnTypes.h */,
				62FCBCF31683E1FA008CA14F /* FiR3FiOBJCReturnTypes.m */,
			);
			path = ReturnTypes;
			sourceTree = "<group>";
		};
/* End PBXGroup section */

/* Begin PBXNativeTarget section */
		1D6058900D05DD3D006BFB54 /* AMSample */ = {
			isa = PBXNativeTarget;
			buildConfigurationList = 1D6058960D05DD3E006BFB54 /* Build configuration list for PBXNativeTarget "AMSample" */;
			buildPhases = (
				1D60588D0D05DD3D006BFB54 /* Resources */,
				1D60588E0D05DD3D006BFB54 /* Sources */,
				1D60588F0D05DD3D006BFB54 /* Frameworks */,
			);
			buildRules = (
			);
			dependencies = (
			);
			name = AMSample;
			productName = AMSample;
			productReference = 1D6058910D05DD3D006BFB54 /* AMSample.app */;
			productType = "com.apple.product-type.application";
		};
		628042EE1555F6C90087838D /* MyTestSet */ = {
			isa = PBXNativeTarget;
			buildConfigurationList = 628043001555F6C90087838D /* Build configuration list for PBXNativeTarget "MyTestSet" */;
			buildPhases = (
				628042EA1555F6C90087838D /* Sources */,
				628042EB1555F6C90087838D /* Frameworks */,
				628042EC1555F6C90087838D /* Resources */,
				628042ED1555F6C90087838D /* ShellScript */,
			);
			buildRules = (
			);
			dependencies = (
				625A5CF7166B07E900F4CA32 /* PBXTargetDependency */,
			);
			name = MyTestSet;
			productName = MyTestSet;
			productReference = 628042EF1555F6C90087838D /* MyTestSet.octest */;
			productType = "com.apple.product-type.bundle";
		};
/* End PBXNativeTarget section */

/* Begin PBXProject section */
		29B97313FDCFA39411CA2CEA /* Project object */ = {
			isa = PBXProject;
			attributes = {
				LastUpgradeCheck = 0420;
			};
			buildConfigurationList = C01FCF4E08A954540054247B /* Build configuration list for PBXProject "AMSample" */;
			compatibilityVersion = "Xcode 3.2";
			developmentRegion = English;
			hasScannedForEncodings = 1;
			knownRegions = (
				en,
			);
			mainGroup = 29B97314FDCFA39411CA2CEA /* CustomTemplate */;
			projectDirPath = "";
			projectRoot = "";
			targets = (
				1D6058900D05DD3D006BFB54 /* AMSample */,
				628042EE1555F6C90087838D /* MyTestSet */,
			);
		};
/* End PBXProject section */

/* Begin PBXResourcesBuildPhase section */
		1D60588D0D05DD3D006BFB54 /* Resources */ = {
			isa = PBXResourcesBuildPhase;
			buildActionMask = 2147483647;
			files = (
				62FCBC9F1683E0C9008CA14F /* Folder.xib in Resources */,
				62FCBCA11683E0C9008CA14F /* Image.xib in Resources */,
				62FCBCA51683E0C9008CA14F /* ImageViewer.xib in Resources */,
				62FCBCA71683E0C9008CA14F /* ImageViewer_ipad.xib in Resources */,
				62FCBCAF1683E0C9008CA14F /* MainWindow.xib in Resources */,
				62FCBCC11683E0C9008CA14F /* SideBySide.xib in Resources */,
				62FCBCC31683E0C9008CA14F /* SideBySide_iPad.xib in Resources */,
				62FCBCCB1683E0C9008CA14F /* GalleryView.xib in Resources */,
				62FCBCCD1683E0C9008CA14F /* GalleryView_iPad.xib in Resources */,
				62FCBCD11683E0C9008CA14F /* InfoPage.xib in Resources */,
				62FCBCD31683E0C9008CA14F /* InfoPage_ipad.xib in Resources */,
				62FCBCD71683E0C9008CA14F /* MainMenu.xib in Resources */,
				62FCBCDD1683E0C9008CA14F /* SaveImage_ipad.xib in Resources */,
				62FCBCE31683E0C9008CA14F /* ScopeView.xib in Resources */,
				62FCBCE71683E0C9008CA14F /* SplashView.xib in Resources */,
			);
			runOnlyForDeploymentPostprocessing = 0;
		};
		628042EC1555F6C90087838D /* Resources */ = {
			isa = PBXResourcesBuildPhase;
			buildActionMask = 2147483647;
			files = (
				628042F91555F6C90087838D /* InfoPlist.strings in Resources */,
				62FCBCA01683E0C9008CA14F /* Folder.xib in Resources */,
				62FCBCA21683E0C9008CA14F /* Image.xib in Resources */,
				62FCBCA61683E0C9008CA14F /* ImageViewer.xib in Resources */,
				62FCBCA81683E0C9008CA14F /* ImageViewer_ipad.xib in Resources */,
				62FCBCB01683E0C9008CA14F /* MainWindow.xib in Resources */,
				62FCBCC21683E0C9008CA14F /* SideBySide.xib in Resources */,
				62FCBCC41683E0C9008CA14F /* SideBySide_iPad.xib in Resources */,
				62FCBCCC1683E0C9008CA14F /* GalleryView.xib in Resources */,
				62FCBCCE1683E0C9008CA14F /* GalleryView_iPad.xib in Resources */,
				62FCBCD21683E0C9008CA14F /* InfoPage.xib in Resources */,
				62FCBCD41683E0C9008CA14F /* InfoPage_ipad.xib in Resources */,
				62FCBCD81683E0C9008CA14F /* MainMenu.xib in Resources */,
				62FCBCDE1683E0C9008CA14F /* SaveImage_ipad.xib in Resources */,
				62FCBCE41683E0C9008CA14F /* ScopeView.xib in Resources */,
				62FCBCE81683E0C9008CA14F /* SplashView.xib in Resources */,
			);
			runOnlyForDeploymentPostprocessing = 0;
		};
/* End PBXResourcesBuildPhase section */

/* Begin PBXShellScriptBuildPhase section */
		628042ED1555F6C90087838D /* ShellScript */ = {
			isa = PBXShellScriptBuildPhase;
			buildActionMask = 2147483647;
			files = (
			);
			inputPaths = (
			);
			outputPaths = (
			);
			runOnlyForDeploymentPostprocessing = 0;
			shellPath = /bin/sh;
			shellScript = "# Run the unit tests in this test bundle.\n\"${SYSTEM_DEVELOPER_DIR}/Tools/RunUnitTests\"\n";
		};
/* End PBXShellScriptBuildPhase section */

/* Begin PBXSourcesBuildPhase section */
		1D60588E0D05DD3D006BFB54 /* Sources */ = {
			isa = PBXSourcesBuildPhase;
			buildActionMask = 2147483647;
			files = (
				1D60589B0D05DD56006BFB54 /* main.m in Sources */,
				625A5D12166B1F0B00F4CA32 /* SplashAppTest.m in Sources */,
				625A5D27166B22B500F4CA32 /* AMAppTests.m in Sources */,
				62FCBC871683E0C9008CA14F /* CompareViewAppDelegate.m in Sources */,
				62FCBC891683E0C9008CA14F /* AMLayerAdditions.m in Sources */,
				62FCBC8B1683E0C9008CA14F /* AMArrayAdditions.m in Sources */,
				62FCBC8D1683E0C9008CA14F /* AMDictionaryAdditions.m in Sources */,
				62FCBC8F1683E0C9008CA14F /* AMYAMLParser.m in Sources */,
				62FCBC911683E0C9008CA14F /* NSObject+ClassName.m in Sources */,
				62FCBC931683E0C9008CA14F /* AMStringContains.m in Sources */,
				62FCBC951683E0C9008CA14F /* NSString+MD5Addition.m in Sources */,
				62FCBC971683E0C9008CA14F /* AMURLAdditions.m in Sources */,
				62FCBC991683E0C9008CA14F /* AMWindowAdditions.m in Sources */,
				62FCBC9B1683E0C9008CA14F /* ControlPoint.m in Sources */,
				62FCBC9D1683E0C9008CA14F /* CompareView.m in Sources */,
				62FCBCA31683E0C9008CA14F /* ImageViewer.m in Sources */,
				62FCBCA91683E0C9008CA14F /* AMLauncher.m in Sources */,
				62FCBCAB1683E0C9008CA14F /* Layout.m in Sources */,
				62FCBCAD1683E0C9008CA14F /* AMLogger.m in Sources */,
				62FCBCB31683E0C9008CA14F /* AMSettingsManager.m in Sources */,
				62FCBCB51683E0C9008CA14F /* AMSettings.m in Sources */,
				62FCBCB71683E0C9008CA14F /* AMViewManager.m in Sources */,
				62FCBCBD1683E0C9008CA14F /* PressAndHoldImages.m in Sources */,
				62FCBCBF1683E0C9008CA14F /* PressAndHoldView.m in Sources */,
				62FCBCC51683E0C9008CA14F /* SideBySideCon.m in Sources */,
				62FCBCC71683E0C9008CA14F /* VerticalSegmentedControl.m in Sources */,
				62FCBCC91683E0C9008CA14F /* AMSampleViewController.m in Sources */,
				62FCBCCF1683E0C9008CA14F /* GalleryViewCon.m in Sources */,
				62FCBCD51683E0C9008CA14F /* InfoPageViewCon.m in Sources */,
				62FCBCD91683E0C9008CA14F /* MainMenuViewCon.m in Sources */,
				62FCBCDB1683E0C9008CA14F /* MyViewCon.m in Sources */,
				62FCBCDF1683E0C9008CA14F /* SaveImageCon.m in Sources */,
				62FCBCE11683E0C9008CA14F /* AMSplashScreen.m in Sources */,
				62FCBCE51683E0C9008CA14F /* ScopeViewCon.m in Sources */,
				62FCBCE91683E0C9008CA14F /* SplashViewCon.m in Sources */,
				62FCBCEB1683E0C9008CA14F /* TogglingScrollview.m in Sources */,
				62FCBCF41683E1FA008CA14F /* FiR3FiParseMaster.m in Sources */,
				62FCBCF61683E1FA008CA14F /* FiR3FiOBJCReturnTypes.m in Sources */,
				62E2D1CD16842C1B0015E347 /* AMFileManager.m in Sources */,
				62E2D1D6168437F70015E347 /* AMAlbum.m in Sources */,
				62E2D1DF16843A530015E347 /* AMUpdater.m in Sources */,
				62304DD61691517D00B905B7 /* AMAlertView.m in Sources */,
				62AF9E6B169530B20066181E /* AMAppRater.m in Sources */,
				6209FE4D16956F210037417E /* AlbumManagerViewCon.m in Sources */,
				6209FE5116956F410037417E /* AMAlbumManager.m in Sources */,
			);
			runOnlyForDeploymentPostprocessing = 0;
		};
		628042EA1555F6C90087838D /* Sources */ = {
			isa = PBXSourcesBuildPhase;
			buildActionMask = 2147483647;
			files = (
				625A5D13166B1F0B00F4CA32 /* SplashAppTest.m in Sources */,
				625A5D15166B1F0B00F4CA32 /* SplashTest.m in Sources */,
				625A5D28166B22B500F4CA32 /* AMAppTests.m in Sources */,
				62FCBC881683E0C9008CA14F /* CompareViewAppDelegate.m in Sources */,
				62FCBC8A1683E0C9008CA14F /* AMLayerAdditions.m in Sources */,
				62FCBC8C1683E0C9008CA14F /* AMArrayAdditions.m in Sources */,
				62FCBC8E1683E0C9008CA14F /* AMDictionaryAdditions.m in Sources */,
				62FCBC901683E0C9008CA14F /* AMYAMLParser.m in Sources */,
				62FCBC921683E0C9008CA14F /* NSObject+ClassName.m in Sources */,
				62FCBC941683E0C9008CA14F /* AMStringContains.m in Sources */,
				62FCBC961683E0C9008CA14F /* NSString+MD5Addition.m in Sources */,
				62FCBC981683E0C9008CA14F /* AMURLAdditions.m in Sources */,
				62FCBC9A1683E0C9008CA14F /* AMWindowAdditions.m in Sources */,
				62FCBC9C1683E0C9008CA14F /* ControlPoint.m in Sources */,
				62FCBC9E1683E0C9008CA14F /* CompareView.m in Sources */,
				62FCBCA41683E0C9008CA14F /* ImageViewer.m in Sources */,
				62FCBCAA1683E0C9008CA14F /* AMLauncher.m in Sources */,
				62FCBCAC1683E0C9008CA14F /* Layout.m in Sources */,
				62FCBCAE1683E0C9008CA14F /* AMLogger.m in Sources */,
				62FCBCB41683E0C9008CA14F /* AMSettingsManager.m in Sources */,
				62FCBCB61683E0C9008CA14F /* AMSettings.m in Sources */,
				62FCBCB81683E0C9008CA14F /* AMViewManager.m in Sources */,
				62FCBCBE1683E0C9008CA14F /* PressAndHoldImages.m in Sources */,
				62FCBCC01683E0C9008CA14F /* PressAndHoldView.m in Sources */,
				62FCBCC61683E0C9008CA14F /* SideBySideCon.m in Sources */,
				62FCBCC81683E0C9008CA14F /* VerticalSegmentedControl.m in Sources */,
				62FCBCCA1683E0C9008CA14F /* AMSampleViewController.m in Sources */,
				62FCBCD01683E0C9008CA14F /* GalleryViewCon.m in Sources */,
				62FCBCD61683E0C9008CA14F /* InfoPageViewCon.m in Sources */,
				62FCBCDA1683E0C9008CA14F /* MainMenuViewCon.m in Sources */,
				62FCBCDC1683E0C9008CA14F /* MyViewCon.m in Sources */,
				62FCBCE01683E0C9008CA14F /* SaveImageCon.m in Sources */,
				62FCBCE21683E0C9008CA14F /* AMSplashScreen.m in Sources */,
				62FCBCE61683E0C9008CA14F /* ScopeViewCon.m in Sources */,
				62FCBCEA1683E0C9008CA14F /* SplashViewCon.m in Sources */,
				62FCBCEC1683E0C9008CA14F /* TogglingScrollview.m in Sources */,
				62FCBCF51683E1FA008CA14F /* FiR3FiParseMaster.m in Sources */,
				62FCBCF71683E1FA008CA14F /* FiR3FiOBJCReturnTypes.m in Sources */,
				62E2D1CE16842C1B0015E347 /* AMFileManager.m in Sources */,
				62E2D1D7168437F70015E347 /* AMAlbum.m in Sources */,
				62E2D1E016843A530015E347 /* AMUpdater.m in Sources */,
				62304DD71691517D00B905B7 /* AMAlertView.m in Sources */,
				62AF9E6C169530B20066181E /* AMAppRater.m in Sources */,
				6209FE4E16956F210037417E /* AlbumManagerViewCon.m in Sources */,
				6209FE5216956F410037417E /* AMAlbumManager.m in Sources */,
			);
			runOnlyForDeploymentPostprocessing = 0;
		};
/* End PBXSourcesBuildPhase section */

/* Begin PBXTargetDependency section */
		625A5CF7166B07E900F4CA32 /* PBXTargetDependency */ = {
			isa = PBXTargetDependency;
			target = 1D6058900D05DD3D006BFB54 /* AMSample */;
			targetProxy = 625A5CF6166B07E900F4CA32 /* PBXContainerItemProxy */;
		};
/* End PBXTargetDependency section */

/* Begin PBXVariantGroup section */
		628042F71555F6C90087838D /* InfoPlist.strings */ = {
			isa = PBXVariantGroup;
			children = (
				628042F81555F6C90087838D /* en */,
			);
			name = InfoPlist.strings;
			sourceTree = "<group>";
		};
/* End PBXVariantGroup section */

/* Begin XCBuildConfiguration section */
		1D6058940D05DD3E006BFB54 /* Debug */ = {
			isa = XCBuildConfiguration;
			buildSettings = {
				ALWAYS_SEARCH_USER_PATHS = NO;
				CLANG_ENABLE_OBJC_ARC = YES;
				CODE_SIGN_IDENTITY = "iPhone Developer";
				"CODE_SIGN_IDENTITY[sdk=iphoneos*]" = "iPhone Developer";
				COPY_PHASE_STRIP = NO;
				CURRENT_PROJECT_VERSION = 1.1.0;
				GCC_DYNAMIC_NO_PIC = NO;
				GCC_OPTIMIZATION_LEVEL = 0;
				GCC_PRECOMPILE_PREFIX_HEADER = YES;
				GCC_PREFIX_HEADER = AMSample_Prefix.pch;
				GCC_PREPROCESSOR_DEFINITIONS = (
					"APP_TESTS=0",
					DEBUG,
					"AM_LOGGING=1",
				);
				INFOPLIST_FILE = "AMSample-Info.plist";
				IPHONEOS_DEPLOYMENT_TARGET = 4.0;
				LIBRARY_SEARCH_PATHS = (
					"$(inherited)",
					"\"$(SRCROOT)/../../libAirMicro/Release-iphoneos\"",
					"\"$(SRCROOT)/../../libAirMicro/Release-iphonesimulator\"",
					"\"$(SRCROOT)/../../libAirMicro/libAirMicro-fat\"",
				);
				PRODUCT_NAME = AMSample;
				PROVISIONING_PROFILE = "";
				"PROVISIONING_PROFILE[sdk=iphoneos*]" = "";
				SDKROOT = iphoneos;
				SUPPORTED_PLATFORMS = "iphoneos iphonesimulator";
				TARGETED_DEVICE_FAMILY = 2;
			};
			name = Debug;
		};
		1D6058950D05DD3E006BFB54 /* Release */ = {
			isa = XCBuildConfiguration;
			buildSettings = {
				ALWAYS_SEARCH_USER_PATHS = NO;
				CLANG_ENABLE_OBJC_ARC = YES;
				CODE_SIGN_IDENTITY = "iPhone Developer";
				"CODE_SIGN_IDENTITY[sdk=iphoneos*]" = "";
				COPY_PHASE_STRIP = YES;
				CURRENT_PROJECT_VERSION = 1.1.0;
				GCC_PRECOMPILE_PREFIX_HEADER = YES;
				GCC_PREFIX_HEADER = AMSample_Prefix.pch;
				GCC_PREPROCESSOR_DEFINITIONS = (
					RELEASE,
					"AM_PROD_LOGGING=1",
				);
				INFOPLIST_FILE = "AMSample-Info.plist";
				IPHONEOS_DEPLOYMENT_TARGET = 4.0;
				LIBRARY_SEARCH_PATHS = (
					"$(inherited)",
					"\"$(SRCROOT)/../../libAirMicro/Release-iphoneos\"",
					"\"$(SRCROOT)/../../libAirMicro/Release-iphonesimulator\"",
					"\"$(SRCROOT)/../../libAirMicro/libAirMicro-fat\"",
				);
				PRODUCT_NAME = AMSample;
				PROVISIONING_PROFILE = "";
				SDKROOT = iphoneos;
				SUPPORTED_PLATFORMS = "iphoneos iphonesimulator";
				TARGETED_DEVICE_FAMILY = 2;
				VALIDATE_PRODUCT = YES;
			};
			name = Release;
		};
		628042FE1555F6C90087838D /* Debug */ = {
			isa = XCBuildConfiguration;
			buildSettings = {
				ALWAYS_SEARCH_USER_PATHS = NO;
				CLANG_ENABLE_OBJC_ARC = YES;
				COPY_PHASE_STRIP = NO;
				FRAMEWORK_SEARCH_PATHS = (
					"$(SDKROOT)/Developer/Library/Frameworks",
					"$(DEVELOPER_LIBRARY_DIR)/Frameworks",
				);
				GCC_C_LANGUAGE_STANDARD = gnu99;
				GCC_DYNAMIC_NO_PIC = NO;
				GCC_OPTIMIZATION_LEVEL = 0;
				GCC_PRECOMPILE_PREFIX_HEADER = YES;
				GCC_PREFIX_HEADER = "MyTestSet/MyTestSet-Prefix.pch";
				GCC_PREPROCESSOR_DEFINITIONS = (
					"DEBUG=1",
					"$(inherited)",
				);
				GCC_SYMBOLS_PRIVATE_EXTERN = NO;
				GCC_VERSION = com.apple.compilers.llvm.clang.1_0;
				GCC_WARN_UNINITIALIZED_AUTOS = YES;
				INFOPLIST_FILE = "MyTestSet/MyTestSet-Info.plist";
				IPHONEOS_DEPLOYMENT_TARGET = 5.1;
				LIBRARY_SEARCH_PATHS = (
					"$(inherited)",
					"\"$(SRCROOT)/../../libAirMicro/Release-iphoneos\"",
					"\"$(SRCROOT)/../../libAirMicro/Release-iphonesimulator\"",
					"\"$(SRCROOT)/../../libAirMicro/libAirMicro-fat\"",
				);
				PRODUCT_NAME = "$(TARGET_NAME)";
				SDKROOT = iphoneos;
				WRAPPER_EXTENSION = octest;
			};
			name = Debug;
		};
		628042FF1555F6C90087838D /* Release */ = {
			isa = XCBuildConfiguration;
			buildSettings = {
				ALWAYS_SEARCH_USER_PATHS = NO;
				CLANG_ENABLE_OBJC_ARC = YES;
				COPY_PHASE_STRIP = YES;
				FRAMEWORK_SEARCH_PATHS = (
					"$(SDKROOT)/Developer/Library/Frameworks",
					"$(DEVELOPER_LIBRARY_DIR)/Frameworks",
				);
				GCC_C_LANGUAGE_STANDARD = gnu99;
				GCC_PRECOMPILE_PREFIX_HEADER = YES;
				GCC_PREFIX_HEADER = "MyTestSet/MyTestSet-Prefix.pch";
				GCC_VERSION = com.apple.compilers.llvm.clang.1_0;
				GCC_WARN_UNINITIALIZED_AUTOS = YES;
				INFOPLIST_FILE = "MyTestSet/MyTestSet-Info.plist";
				IPHONEOS_DEPLOYMENT_TARGET = 5.1;
				LIBRARY_SEARCH_PATHS = (
					"$(inherited)",
					"\"$(SRCROOT)/../../libAirMicro/Release-iphoneos\"",
					"\"$(SRCROOT)/../../libAirMicro/Release-iphonesimulator\"",
					"\"$(SRCROOT)/../../libAirMicro/libAirMicro-fat\"",
				);
				PRODUCT_NAME = "$(TARGET_NAME)";
				SDKROOT = iphoneos;
				VALIDATE_PRODUCT = YES;
				WRAPPER_EXTENSION = octest;
			};
			name = Release;
		};
		C01FCF4F08A954540054247B /* Debug */ = {
			isa = XCBuildConfiguration;
			buildSettings = {
				ARCHS = "$(ARCHS_STANDARD_32_BIT)";
				CODE_SIGN_IDENTITY = "iPhone Developer";
				"CODE_SIGN_IDENTITY[sdk=iphoneos*]" = "iPhone Developer";
				GCC_C_LANGUAGE_STANDARD = c99;
				GCC_WARN_ABOUT_RETURN_TYPE = YES;
				GCC_WARN_UNUSED_VARIABLE = YES;
				HEADER_SEARCH_PATHS = libAirMicro;
				IPHONEOS_DEPLOYMENT_TARGET = 4.0;
				LIBRARY_SEARCH_PATHS = "libAirMicro/Release$(EFFECTIVE_PLATFORM_NAME)";
				OTHER_LDFLAGS = "-lAirMicro";
				PROVISIONING_PROFILE = "";
				"PROVISIONING_PROFILE[sdk=iphoneos*]" = "";
				SDKROOT = iphoneos;
				SUPPORTED_PLATFORMS = "iphoneos iphonesimulator";
			};
			name = Debug;
		};
		C01FCF5008A954540054247B /* Release */ = {
			isa = XCBuildConfiguration;
			buildSettings = {
				ARCHS = "$(ARCHS_STANDARD_32_BIT)";
				"CODE_SIGN_IDENTITY[sdk=iphoneos*]" = "";
				GCC_C_LANGUAGE_STANDARD = c99;
				GCC_WARN_ABOUT_RETURN_TYPE = YES;
				GCC_WARN_UNUSED_VARIABLE = YES;
				HEADER_SEARCH_PATHS = libAirMicro;
				IPHONEOS_DEPLOYMENT_TARGET = 4.0;
				LIBRARY_SEARCH_PATHS = "libAirMicro/Release$(EFFECTIVE_PLATFORM_NAME)";
				OTHER_CFLAGS = "-DNS_BLOCK_ASSERTIONS=1";
				OTHER_LDFLAGS = "-lAirMicro";
				SDKROOT = iphoneos;
				SUPPORTED_PLATFORMS = "iphoneos iphonesimulator";
			};
			name = Release;
		};
/* End XCBuildConfiguration section */

/* Begin XCConfigurationList section */
		1D6058960D05DD3E006BFB54 /* Build configuration list for PBXNativeTarget "AMSample" */ = {
			isa = XCConfigurationList;
			buildConfigurations = (
				1D6058940D05DD3E006BFB54 /* Debug */,
				1D6058950D05DD3E006BFB54 /* Release */,
			);
			defaultConfigurationIsVisible = 0;
			defaultConfigurationName = Release;
		};
		628043001555F6C90087838D /* Build configuration list for PBXNativeTarget "MyTestSet" */ = {
			isa = XCConfigurationList;
			buildConfigurations = (
				628042FE1555F6C90087838D /* Debug */,
				628042FF1555F6C90087838D /* Release */,
			);
			defaultConfigurationIsVisible = 0;
			defaultConfigurationName = Release;
		};
		C01FCF4E08A954540054247B /* Build configuration list for PBXProject "AMSample" */ = {
			isa = XCConfigurationList;
			buildConfigurations = (
				C01FCF4F08A954540054247B /* Debug */,
				C01FCF5008A954540054247B /* Release */,
			);
			defaultConfigurationIsVisible = 0;
			defaultConfigurationName = Release;
		};
/* End XCConfigurationList section */
	};
	rootObject = 29B97313FDCFA39411CA2CEA /* Project object */;
}
